PODS:
  - BlocksKit/Core (2.2.5)
  - FMDB (2.6):
    - FMDB/standard (= 2.6)
  - FMDB/standard (2.6)
  - Reachability (3.2)
  - YYModel (1.0.1)

DEPENDENCIES:
  - BlocksKit/Core
  - FMDB
  - Reachability
  - YYModel

SPEC CHECKSUMS:
  BlocksKit: 7f422b971407001178d181a43b99014ea2591fe6
  FMDB: c1968bab3ab0aed38f66cb778ae1e7fa9a652b6e
  Reachability: 33e18b67625424e47b6cde6d202dce689ad7af96
  YYModel: 794f0820a9a9703615bc166aa8e336abaf422c2b

COCOAPODS: 0.39.0
