PODS:
  - ASIHTTPRequest/Core (1.8.2):
    - Reachability
  - BlocksKit/Core (2.2.5)
  - Reachability (3.2)

DEPENDENCIES:
  - ASIHTTPRequest/Core (from `https://github.com/alexlee002/asi-http-request.git`)
  - BlocksKit/Core
  - Reachability

EXTERNAL SOURCES:
  ASIHTTPRequest:
    :git: https://github.com/alexlee002/asi-http-request.git

CHECKOUT OPTIONS:
  ASIHTTPRequest:
    :commit: 68513c32a6eb952ef806f6b301271b075259f2bf
    :git: https://github.com/alexlee002/asi-http-request.git

SPEC CHECKSUMS:
  ASIHTTPRequest: d27452b583992d2dea350d1938e04d0e376367fe
  BlocksKit: 7f422b971407001178d181a43b99014ea2591fe6
  Reachability: 33e18b67625424e47b6cde6d202dce689ad7af96

PODFILE CHECKSUM: e3076d11940c612ae91fab331c6050845cc9ca2b

COCOAPODS: 1.2.1
