// !$*UTF8*$!
{
	archiveVersion = 1;
	classes = {
	};
	objectVersion = 46;
	objects = {

/* Begin PBXBuildFile section */
		1A066F2EAFB39EE833965314 /* libPods-patchworkTests.a in Frameworks */ = {isa = PBXBuildFile; fileRef = A6CC35E7E3222FAF183EEC85 /* libPods-patchworkTests.a */; };
		430F6F651C9A5F3D003E8F6C /* NSCache+ALExtensions.h in Headers */ = {isa = PBXBuildFile; fileRef = 430F6F611C9A5F3D003E8F6C /* NSCache+ALExtensions.h */; };
		430F6F661C9A5F3D003E8F6C /* NSCache+ALExtensions.m in Sources */ = {isa = PBXBuildFile; fileRef = 430F6F621C9A5F3D003E8F6C /* NSCache+ALExtensions.m */; };
		430F6F671C9A5F3D003E8F6C /* NSDate+ALExtensions.h in Headers */ = {isa = PBXBuildFile; fileRef = 430F6F631C9A5F3D003E8F6C /* NSDate+ALExtensions.h */; };
		430F6F681C9A5F3D003E8F6C /* NSDate+ALExtensions.m in Sources */ = {isa = PBXBuildFile; fileRef = 430F6F641C9A5F3D003E8F6C /* NSDate+ALExtensions.m */; };
		430F6F761C9A5F7C003E8F6C /* ALDevice.h in Headers */ = {isa = PBXBuildFile; fileRef = 430F6F6A1C9A5F7C003E8F6C /* ALDevice.h */; };
		430F6F771C9A5F7C003E8F6C /* ALDevice.m in Sources */ = {isa = PBXBuildFile; fileRef = 430F6F6B1C9A5F7C003E8F6C /* ALDevice.m */; };
		430F6F781C9A5F7C003E8F6C /* ALOCRuntime.h in Headers */ = {isa = PBXBuildFile; fileRef = 430F6F6C1C9A5F7C003E8F6C /* ALOCRuntime.h */; };
		430F6F791C9A5F7C003E8F6C /* ALOCRuntime.m in Sources */ = {isa = PBXBuildFile; fileRef = 430F6F6D1C9A5F7C003E8F6C /* ALOCRuntime.m */; };
		430F6F7A1C9A5F7C003E8F6C /* Base64.h in Headers */ = {isa = PBXBuildFile; fileRef = 430F6F6E1C9A5F7C003E8F6C /* Base64.h */; };
		430F6F7B1C9A5F7C003E8F6C /* Base64.m in Sources */ = {isa = PBXBuildFile; fileRef = 430F6F6F1C9A5F7C003E8F6C /* Base64.m */; };
		430F6F7C1C9A5F7C003E8F6C /* MD5.h in Headers */ = {isa = PBXBuildFile; fileRef = 430F6F701C9A5F7C003E8F6C /* MD5.h */; };
		430F6F7D1C9A5F7C003E8F6C /* MD5.m in Sources */ = {isa = PBXBuildFile; fileRef = 430F6F711C9A5F7C003E8F6C /* MD5.m */; };
		430F6F7E1C9A5F7C003E8F6C /* SHA1.h in Headers */ = {isa = PBXBuildFile; fileRef = 430F6F721C9A5F7C003E8F6C /* SHA1.h */; };
		430F6F7F1C9A5F7C003E8F6C /* SHA1.m in Sources */ = {isa = PBXBuildFile; fileRef = 430F6F731C9A5F7C003E8F6C /* SHA1.m */; };
		430F6F801C9A5F7C003E8F6C /* Singleton_Template.h in Headers */ = {isa = PBXBuildFile; fileRef = 430F6F741C9A5F7C003E8F6C /* Singleton_Template.h */; };
		430F6F811C9A5F7C003E8F6C /* UtilitiesHeader.h in Headers */ = {isa = PBXBuildFile; fileRef = 430F6F751C9A5F7C003E8F6C /* UtilitiesHeader.h */; };
		4362967F1C7B6D3C00EBA718 /* ALSQLCommand.h in Headers */ = {isa = PBXBuildFile; fileRef = 436296791C7B6D3C00EBA718 /* ALSQLCommand.h */; };
		436296801C7B6D3C00EBA718 /* ALSQLCommand.m in Sources */ = {isa = PBXBuildFile; fileRef = 4362967A1C7B6D3C00EBA718 /* ALSQLCommand.m */; };
		436296811C7B6D3C00EBA718 /* ALSQLSelectCommand.h in Headers */ = {isa = PBXBuildFile; fileRef = 4362967B1C7B6D3C00EBA718 /* ALSQLSelectCommand.h */; };
		436296821C7B6D3C00EBA718 /* ALSQLSelectCommand.m in Sources */ = {isa = PBXBuildFile; fileRef = 4362967C1C7B6D3C00EBA718 /* ALSQLSelectCommand.m */; };
		436296831C7B6D3C00EBA718 /* ALSQLUpdateCommand.h in Headers */ = {isa = PBXBuildFile; fileRef = 4362967D1C7B6D3C00EBA718 /* ALSQLUpdateCommand.h */; };
		436296841C7B6D3C00EBA718 /* ALSQLUpdateCommand.m in Sources */ = {isa = PBXBuildFile; fileRef = 4362967E1C7B6D3C00EBA718 /* ALSQLUpdateCommand.m */; };
		436296871C7B6D5400EBA718 /* ALSQLInsertCommand.h in Headers */ = {isa = PBXBuildFile; fileRef = 436296851C7B6D5400EBA718 /* ALSQLInsertCommand.h */; };
		436296881C7B6D5400EBA718 /* ALSQLInsertCommand.m in Sources */ = {isa = PBXBuildFile; fileRef = 436296861C7B6D5400EBA718 /* ALSQLInsertCommand.m */; };
		436296A11C7C693D00EBA718 /* main.m in Sources */ = {isa = PBXBuildFile; fileRef = 436296A01C7C693D00EBA718 /* main.m */; };
		436296A41C7C693D00EBA718 /* AppDelegate.m in Sources */ = {isa = PBXBuildFile; fileRef = 436296A31C7C693D00EBA718 /* AppDelegate.m */; };
		436296A61C7C693D00EBA718 /* Assets.xcassets in Resources */ = {isa = PBXBuildFile; fileRef = 436296A51C7C693D00EBA718 /* Assets.xcassets */; };
		436296A91C7C693D00EBA718 /* LaunchScreen.storyboard in Resources */ = {isa = PBXBuildFile; fileRef = 436296A71C7C693D00EBA718 /* LaunchScreen.storyboard */; };
		436296B01C7C6C2200EBA718 /* ALSQLDeleteCommand.h in Headers */ = {isa = PBXBuildFile; fileRef = 436296AE1C7C6C2200EBA718 /* ALSQLDeleteCommand.h */; };
		436296B11C7C6C2200EBA718 /* ALSQLDeleteCommand.m in Sources */ = {isa = PBXBuildFile; fileRef = 436296AF1C7C6C2200EBA718 /* ALSQLDeleteCommand.m */; };
		438F63D11C9019E4003EA9B6 /* patchwork.framework in Frameworks */ = {isa = PBXBuildFile; fileRef = 43B518601C7590320060C3AA /* patchwork.framework */; };
		439B6A241C9308C700900FEB /* ALHTTPRequest.h in Headers */ = {isa = PBXBuildFile; fileRef = 439B6A1A1C9308C700900FEB /* ALHTTPRequest.h */; };
		439B6A251C9308C700900FEB /* ALHTTPRequest.m in Sources */ = {isa = PBXBuildFile; fileRef = 439B6A1B1C9308C700900FEB /* ALHTTPRequest.m */; };
		439B6A261C9308C700900FEB /* ALHTTPResponse.h in Headers */ = {isa = PBXBuildFile; fileRef = 439B6A1C1C9308C700900FEB /* ALHTTPResponse.h */; };
		439B6A271C9308C700900FEB /* ALHTTPResponse.m in Sources */ = {isa = PBXBuildFile; fileRef = 439B6A1D1C9308C700900FEB /* ALHTTPResponse.m */; };
		439B6A281C9308C700900FEB /* ALNetwork_config.h in Headers */ = {isa = PBXBuildFile; fileRef = 439B6A1E1C9308C700900FEB /* ALNetwork_config.h */; };
		439B6A291C9308C700900FEB /* ALURLRequestQueueAdaptorProtocol.h in Headers */ = {isa = PBXBuildFile; fileRef = 439B6A1F1C9308C700900FEB /* ALURLRequestQueueAdaptorProtocol.h */; };
		439B6A2A1C9308C700900FEB /* ASIHTTPRequestQueueAdaptor.h in Headers */ = {isa = PBXBuildFile; fileRef = 439B6A201C9308C700900FEB /* ASIHTTPRequestQueueAdaptor.h */; };
		439B6A2B1C9308C700900FEB /* ASIHTTPRequestQueueAdaptor.m in Sources */ = {isa = PBXBuildFile; fileRef = 439B6A211C9308C700900FEB /* ASIHTTPRequestQueueAdaptor.m */; };
		439B6A2C1C9308C700900FEB /* NSURLSessionAdaptor.h in Headers */ = {isa = PBXBuildFile; fileRef = 439B6A221C9308C700900FEB /* NSURLSessionAdaptor.h */; };
		439B6A2D1C9308C700900FEB /* NSURLSessionAdaptor.m in Sources */ = {isa = PBXBuildFile; fileRef = 439B6A231C9308C700900FEB /* NSURLSessionAdaptor.m */; };
		43B518641C7590320060C3AA /* patchwork.h in Headers */ = {isa = PBXBuildFile; fileRef = 43B518631C7590320060C3AA /* patchwork.h */; settings = {ATTRIBUTES = (Public, ); }; };
		43B5186B1C7590320060C3AA /* patchwork.framework in Frameworks */ = {isa = PBXBuildFile; fileRef = 43B518601C7590320060C3AA /* patchwork.framework */; };
		43B518701C7590320060C3AA /* patchworkTests.m in Sources */ = {isa = PBXBuildFile; fileRef = 43B5186F1C7590320060C3AA /* patchworkTests.m */; };
		43B5187F1C7595870060C3AA /* ALModel+JSON.h in Headers */ = {isa = PBXBuildFile; fileRef = 43B5187D1C7595870060C3AA /* ALModel+JSON.h */; };
		43B518801C7595870060C3AA /* ALModel+JSON.m in Sources */ = {isa = PBXBuildFile; fileRef = 43B5187E1C7595870060C3AA /* ALModel+JSON.m */; };
		43B518851C759A3F0060C3AA /* NSString+Helper.h in Headers */ = {isa = PBXBuildFile; fileRef = 43B518831C759A3F0060C3AA /* NSString+Helper.h */; };
		43B518861C759A3F0060C3AA /* NSString+Helper.m in Sources */ = {isa = PBXBuildFile; fileRef = 43B518841C759A3F0060C3AA /* NSString+Helper.m */; };
		43B5188B1C759AAF0060C3AA /* NSArray+ArrayExtensions.h in Headers */ = {isa = PBXBuildFile; fileRef = 43B518871C759AAF0060C3AA /* NSArray+ArrayExtensions.h */; };
		43B5188C1C759AAF0060C3AA /* NSArray+ArrayExtensions.m in Sources */ = {isa = PBXBuildFile; fileRef = 43B518881C759AAF0060C3AA /* NSArray+ArrayExtensions.m */; };
		43B5188D1C759AAF0060C3AA /* BlocksKitExtension.h in Headers */ = {isa = PBXBuildFile; fileRef = 43B518891C759AAF0060C3AA /* BlocksKitExtension.h */; };
		43B5188E1C759AAF0060C3AA /* BlocksKitExtension.m in Sources */ = {isa = PBXBuildFile; fileRef = 43B5188A1C759AAF0060C3AA /* BlocksKitExtension.m */; };
		43B518911C759EE50060C3AA /* ALSQLCondition.h in Headers */ = {isa = PBXBuildFile; fileRef = 43B5188F1C759EE50060C3AA /* ALSQLCondition.h */; };
		43B518921C759EE50060C3AA /* ALSQLCondition.m in Sources */ = {isa = PBXBuildFile; fileRef = 43B518901C759EE50060C3AA /* ALSQLCondition.m */; };
		43B5189E1C75AC3F0060C3AA /* ALDatabase.h in Headers */ = {isa = PBXBuildFile; fileRef = 43B5189C1C75AC3F0060C3AA /* ALDatabase.h */; };
		43B5189F1C75AC3F0060C3AA /* ALDatabase.m in Sources */ = {isa = PBXBuildFile; fileRef = 43B5189D1C75AC3F0060C3AA /* ALDatabase.m */; };
		43B518A81C75EF810060C3AA /* ALFMDatabaseQueue.h in Headers */ = {isa = PBXBuildFile; fileRef = 43B518A61C75EF810060C3AA /* ALFMDatabaseQueue.h */; };
		43B518A91C75EF810060C3AA /* ALFMDatabaseQueue.m in Sources */ = {isa = PBXBuildFile; fileRef = 43B518A71C75EF810060C3AA /* ALFMDatabaseQueue.m */; };
		43B518AE1C76CBD80060C3AA /* ALDBColumnInfo.h in Headers */ = {isa = PBXBuildFile; fileRef = 43B518AC1C76CBD80060C3AA /* ALDBColumnInfo.h */; };
		43B518AF1C76CBD80060C3AA /* ALDBColumnInfo.m in Sources */ = {isa = PBXBuildFile; fileRef = 43B518AD1C76CBD80060C3AA /* ALDBColumnInfo.m */; };
		43B518BD1C7735270060C3AA /* DBManageTests.m in Sources */ = {isa = PBXBuildFile; fileRef = 43B518BC1C7735270060C3AA /* DBManageTests.m */; };
		43D0FE791C7D802F0096F232 /* ALDBMigrationProtocol.h in Headers */ = {isa = PBXBuildFile; fileRef = 43D0FE781C7D802F0096F232 /* ALDBMigrationProtocol.h */; };
		43D0FE821C7EAC7D0096F232 /* ALModel_Define.h in Headers */ = {isa = PBXBuildFile; fileRef = 43D0FE801C7EAC7D0096F232 /* ALModel_Define.h */; };
		43D0FE831C7EAC7D0096F232 /* ALModel_Define.m in Sources */ = {isa = PBXBuildFile; fileRef = 43D0FE811C7EAC7D0096F232 /* ALModel_Define.m */; };
		43D0FE851C7EB3710096F232 /* ALModel.h in Headers */ = {isa = PBXBuildFile; fileRef = 43D0FE841C7EB3710096F232 /* ALModel.h */; };
		43D0FE881C7EB3F40096F232 /* ALModel+ActiveRecord.h in Headers */ = {isa = PBXBuildFile; fileRef = 43D0FE861C7EB3F40096F232 /* ALModel+ActiveRecord.h */; };
		43D0FE891C7EB3F40096F232 /* ALModel+ActiveRecord.m in Sources */ = {isa = PBXBuildFile; fileRef = 43D0FE871C7EB3F40096F232 /* ALModel+ActiveRecord.m */; };
		43FB7AE51C9C81FB007B62C7 /* libPods-patchworkTests-ASIHTTPRequest.a in Frameworks */ = {isa = PBXBuildFile; fileRef = 43FB7AE41C9C81FB007B62C7 /* libPods-patchworkTests-ASIHTTPRequest.a */; };
		566CC29F211F0E71B8E2DB76 /* libPods-patchwork.a in Frameworks */ = {isa = PBXBuildFile; fileRef = 102D4C7D7F5960683C080401 /* libPods-patchwork.a */; };
		ED83656BFFF92A6C9898F9D0 /* libPods-patchwork-Demo-iOS.a in Frameworks */ = {isa = PBXBuildFile; fileRef = 8322435AE68A8E9DB0B311D4 /* libPods-patchwork-Demo-iOS.a */; };
/* End PBXBuildFile section */

/* Begin PBXContainerItemProxy section */
		438F63CF1C9019BC003EA9B6 /* PBXContainerItemProxy */ = {
			isa = PBXContainerItemProxy;
			containerPortal = 43B518571C7590320060C3AA /* Project object */;
			proxyType = 1;
			remoteGlobalIDString = 43B5185F1C7590320060C3AA;
			remoteInfo = patchwork;
		};
		43B5186C1C7590320060C3AA /* PBXContainerItemProxy */ = {
			isa = PBXContainerItemProxy;
			containerPortal = 43B518571C7590320060C3AA /* Project object */;
			proxyType = 1;
			remoteGlobalIDString = 43B5185F1C7590320060C3AA;
			remoteInfo = patchwork;
		};
/* End PBXContainerItemProxy section */

/* Begin PBXFileReference section */
		102D4C7D7F5960683C080401 /* libPods-patchwork.a */ = {isa = PBXFileReference; explicitFileType = archive.ar; includeInIndex = 0; path = "libPods-patchwork.a"; sourceTree = BUILT_PRODUCTS_DIR; };
		1CC6CC43C4CB648A1F7EF879 /* Pods-patchwork-Demo-iOS.debug.xcconfig */ = {isa = PBXFileReference; includeInIndex = 1; lastKnownFileType = text.xcconfig; name = "Pods-patchwork-Demo-iOS.debug.xcconfig"; path = "Pods/Target Support Files/Pods-patchwork-Demo-iOS/Pods-patchwork-Demo-iOS.debug.xcconfig"; sourceTree = "<group>"; };
		33DF461A8106AF5033E86B0D /* Pods-patchworkTests.release.xcconfig */ = {isa = PBXFileReference; includeInIndex = 1; lastKnownFileType = text.xcconfig; name = "Pods-patchworkTests.release.xcconfig"; path = "Pods/Target Support Files/Pods-patchworkTests/Pods-patchworkTests.release.xcconfig"; sourceTree = "<group>"; };
		430F6F611C9A5F3D003E8F6C /* NSCache+ALExtensions.h */ = {isa = PBXFileReference; fileEncoding = 4; lastKnownFileType = sourcecode.c.h; path = "NSCache+ALExtensions.h"; sourceTree = "<group>"; };
		430F6F621C9A5F3D003E8F6C /* NSCache+ALExtensions.m */ = {isa = PBXFileReference; fileEncoding = 4; lastKnownFileType = sourcecode.c.objc; path = "NSCache+ALExtensions.m"; sourceTree = "<group>"; };
		430F6F631C9A5F3D003E8F6C /* NSDate+ALExtensions.h */ = {isa = PBXFileReference; fileEncoding = 4; lastKnownFileType = sourcecode.c.h; path = "NSDate+ALExtensions.h"; sourceTree = "<group>"; };
		430F6F641C9A5F3D003E8F6C /* NSDate+ALExtensions.m */ = {isa = PBXFileReference; fileEncoding = 4; lastKnownFileType = sourcecode.c.objc; path = "NSDate+ALExtensions.m"; sourceTree = "<group>"; };
		430F6F6A1C9A5F7C003E8F6C /* ALDevice.h */ = {isa = PBXFileReference; fileEncoding = 4; lastKnownFileType = sourcecode.c.h; path = ALDevice.h; sourceTree = "<group>"; };
		430F6F6B1C9A5F7C003E8F6C /* ALDevice.m */ = {isa = PBXFileReference; fileEncoding = 4; lastKnownFileType = sourcecode.c.objc; path = ALDevice.m; sourceTree = "<group>"; };
		430F6F6C1C9A5F7C003E8F6C /* ALOCRuntime.h */ = {isa = PBXFileReference; fileEncoding = 4; lastKnownFileType = sourcecode.c.h; path = ALOCRuntime.h; sourceTree = "<group>"; };
		430F6F6D1C9A5F7C003E8F6C /* ALOCRuntime.m */ = {isa = PBXFileReference; fileEncoding = 4; lastKnownFileType = sourcecode.c.objc; path = ALOCRuntime.m; sourceTree = "<group>"; };
		430F6F6E1C9A5F7C003E8F6C /* Base64.h */ = {isa = PBXFileReference; fileEncoding = 4; lastKnownFileType = sourcecode.c.h; path = Base64.h; sourceTree = "<group>"; };
		430F6F6F1C9A5F7C003E8F6C /* Base64.m */ = {isa = PBXFileReference; fileEncoding = 4; lastKnownFileType = sourcecode.c.objc; path = Base64.m; sourceTree = "<group>"; };
		430F6F701C9A5F7C003E8F6C /* MD5.h */ = {isa = PBXFileReference; fileEncoding = 4; lastKnownFileType = sourcecode.c.h; path = MD5.h; sourceTree = "<group>"; };
		430F6F711C9A5F7C003E8F6C /* MD5.m */ = {isa = PBXFileReference; fileEncoding = 4; lastKnownFileType = sourcecode.c.objc; path = MD5.m; sourceTree = "<group>"; };
		430F6F721C9A5F7C003E8F6C /* SHA1.h */ = {isa = PBXFileReference; fileEncoding = 4; lastKnownFileType = sourcecode.c.h; path = SHA1.h; sourceTree = "<group>"; };
		430F6F731C9A5F7C003E8F6C /* SHA1.m */ = {isa = PBXFileReference; fileEncoding = 4; lastKnownFileType = sourcecode.c.objc; path = SHA1.m; sourceTree = "<group>"; };
		430F6F741C9A5F7C003E8F6C /* Singleton_Template.h */ = {isa = PBXFileReference; fileEncoding = 4; lastKnownFileType = sourcecode.c.h; path = Singleton_Template.h; sourceTree = "<group>"; };
		430F6F751C9A5F7C003E8F6C /* UtilitiesHeader.h */ = {isa = PBXFileReference; fileEncoding = 4; lastKnownFileType = sourcecode.c.h; path = UtilitiesHeader.h; sourceTree = "<group>"; };
		436296791C7B6D3C00EBA718 /* ALSQLCommand.h */ = {isa = PBXFileReference; fileEncoding = 4; lastKnownFileType = sourcecode.c.h; lineEnding = 0; path = ALSQLCommand.h; sourceTree = "<group>"; xcLanguageSpecificationIdentifier = xcode.lang.objcpp; };
		4362967A1C7B6D3C00EBA718 /* ALSQLCommand.m */ = {isa = PBXFileReference; fileEncoding = 4; lastKnownFileType = sourcecode.c.objc; path = ALSQLCommand.m; sourceTree = "<group>"; };
		4362967B1C7B6D3C00EBA718 /* ALSQLSelectCommand.h */ = {isa = PBXFileReference; fileEncoding = 4; lastKnownFileType = sourcecode.c.h; lineEnding = 0; path = ALSQLSelectCommand.h; sourceTree = "<group>"; xcLanguageSpecificationIdentifier = xcode.lang.objcpp; };
		4362967C1C7B6D3C00EBA718 /* ALSQLSelectCommand.m */ = {isa = PBXFileReference; fileEncoding = 4; lastKnownFileType = sourcecode.c.objc; path = ALSQLSelectCommand.m; sourceTree = "<group>"; };
		4362967D1C7B6D3C00EBA718 /* ALSQLUpdateCommand.h */ = {isa = PBXFileReference; fileEncoding = 4; lastKnownFileType = sourcecode.c.h; lineEnding = 0; path = ALSQLUpdateCommand.h; sourceTree = "<group>"; xcLanguageSpecificationIdentifier = xcode.lang.objcpp; };
		4362967E1C7B6D3C00EBA718 /* ALSQLUpdateCommand.m */ = {isa = PBXFileReference; fileEncoding = 4; lastKnownFileType = sourcecode.c.objc; path = ALSQLUpdateCommand.m; sourceTree = "<group>"; };
		436296851C7B6D5400EBA718 /* ALSQLInsertCommand.h */ = {isa = PBXFileReference; fileEncoding = 4; lastKnownFileType = sourcecode.c.h; lineEnding = 0; path = ALSQLInsertCommand.h; sourceTree = "<group>"; xcLanguageSpecificationIdentifier = xcode.lang.objcpp; };
		436296861C7B6D5400EBA718 /* ALSQLInsertCommand.m */ = {isa = PBXFileReference; fileEncoding = 4; lastKnownFileType = sourcecode.c.objc; path = ALSQLInsertCommand.m; sourceTree = "<group>"; };
		4362969D1C7C693D00EBA718 /* patchwork-Demo-iOS.app */ = {isa = PBXFileReference; explicitFileType = wrapper.application; includeInIndex = 0; path = "patchwork-Demo-iOS.app"; sourceTree = BUILT_PRODUCTS_DIR; };
		436296A01C7C693D00EBA718 /* main.m */ = {isa = PBXFileReference; lastKnownFileType = sourcecode.c.objc; path = main.m; sourceTree = "<group>"; };
		436296A21C7C693D00EBA718 /* AppDelegate.h */ = {isa = PBXFileReference; lastKnownFileType = sourcecode.c.h; path = AppDelegate.h; sourceTree = "<group>"; };
		436296A31C7C693D00EBA718 /* AppDelegate.m */ = {isa = PBXFileReference; lastKnownFileType = sourcecode.c.objc; path = AppDelegate.m; sourceTree = "<group>"; };
		436296A51C7C693D00EBA718 /* Assets.xcassets */ = {isa = PBXFileReference; lastKnownFileType = folder.assetcatalog; path = Assets.xcassets; sourceTree = "<group>"; };
		436296A81C7C693D00EBA718 /* Base */ = {isa = PBXFileReference; lastKnownFileType = file.storyboard; name = Base; path = Base.lproj/LaunchScreen.storyboard; sourceTree = "<group>"; };
		436296AA1C7C693D00EBA718 /* Info.plist */ = {isa = PBXFileReference; lastKnownFileType = text.plist.xml; path = Info.plist; sourceTree = "<group>"; };
		436296AE1C7C6C2200EBA718 /* ALSQLDeleteCommand.h */ = {isa = PBXFileReference; fileEncoding = 4; lastKnownFileType = sourcecode.c.h; lineEnding = 0; path = ALSQLDeleteCommand.h; sourceTree = "<group>"; xcLanguageSpecificationIdentifier = xcode.lang.objcpp; };
		436296AF1C7C6C2200EBA718 /* ALSQLDeleteCommand.m */ = {isa = PBXFileReference; fileEncoding = 4; lastKnownFileType = sourcecode.c.objc; path = ALSQLDeleteCommand.m; sourceTree = "<group>"; };
		439B6A1A1C9308C700900FEB /* ALHTTPRequest.h */ = {isa = PBXFileReference; fileEncoding = 4; lastKnownFileType = sourcecode.c.h; path = ALHTTPRequest.h; sourceTree = "<group>"; };
		439B6A1B1C9308C700900FEB /* ALHTTPRequest.m */ = {isa = PBXFileReference; fileEncoding = 4; lastKnownFileType = sourcecode.c.objc; path = ALHTTPRequest.m; sourceTree = "<group>"; };
		439B6A1C1C9308C700900FEB /* ALHTTPResponse.h */ = {isa = PBXFileReference; fileEncoding = 4; lastKnownFileType = sourcecode.c.h; path = ALHTTPResponse.h; sourceTree = "<group>"; };
		439B6A1D1C9308C700900FEB /* ALHTTPResponse.m */ = {isa = PBXFileReference; fileEncoding = 4; lastKnownFileType = sourcecode.c.objc; path = ALHTTPResponse.m; sourceTree = "<group>"; };
		439B6A1E1C9308C700900FEB /* ALNetwork_config.h */ = {isa = PBXFileReference; fileEncoding = 4; lastKnownFileType = sourcecode.c.h; path = ALNetwork_config.h; sourceTree = "<group>"; };
		439B6A1F1C9308C700900FEB /* ALURLRequestQueueAdaptorProtocol.h */ = {isa = PBXFileReference; fileEncoding = 4; lastKnownFileType = sourcecode.c.h; path = ALURLRequestQueueAdaptorProtocol.h; sourceTree = "<group>"; };
		439B6A201C9308C700900FEB /* ASIHTTPRequestQueueAdaptor.h */ = {isa = PBXFileReference; fileEncoding = 4; lastKnownFileType = sourcecode.c.h; path = ASIHTTPRequestQueueAdaptor.h; sourceTree = "<group>"; };
		439B6A211C9308C700900FEB /* ASIHTTPRequestQueueAdaptor.m */ = {isa = PBXFileReference; fileEncoding = 4; lastKnownFileType = sourcecode.c.objc; path = ASIHTTPRequestQueueAdaptor.m; sourceTree = "<group>"; };
		439B6A221C9308C700900FEB /* NSURLSessionAdaptor.h */ = {isa = PBXFileReference; fileEncoding = 4; lastKnownFileType = sourcecode.c.h; path = NSURLSessionAdaptor.h; sourceTree = "<group>"; };
		439B6A231C9308C700900FEB /* NSURLSessionAdaptor.m */ = {isa = PBXFileReference; fileEncoding = 4; lastKnownFileType = sourcecode.c.objc; path = NSURLSessionAdaptor.m; sourceTree = "<group>"; };
		43B518601C7590320060C3AA /* patchwork.framework */ = {isa = PBXFileReference; explicitFileType = wrapper.framework; includeInIndex = 0; path = patchwork.framework; sourceTree = BUILT_PRODUCTS_DIR; };
		43B518631C7590320060C3AA /* patchwork.h */ = {isa = PBXFileReference; lastKnownFileType = sourcecode.c.h; path = patchwork.h; sourceTree = "<group>"; };
		43B518651C7590320060C3AA /* Info.plist */ = {isa = PBXFileReference; lastKnownFileType = text.plist.xml; path = Info.plist; sourceTree = "<group>"; };
		43B5186A1C7590320060C3AA /* patchworkTests.xctest */ = {isa = PBXFileReference; explicitFileType = wrapper.cfbundle; includeInIndex = 0; path = patchworkTests.xctest; sourceTree = BUILT_PRODUCTS_DIR; };
		43B5186F1C7590320060C3AA /* patchworkTests.m */ = {isa = PBXFileReference; lastKnownFileType = sourcecode.c.objc; lineEnding = 0; path = patchworkTests.m; sourceTree = "<group>"; xcLanguageSpecificationIdentifier = xcode.lang.objc; };
		43B518711C7590320060C3AA /* Info.plist */ = {isa = PBXFileReference; lastKnownFileType = text.plist.xml; path = Info.plist; sourceTree = "<group>"; };
		43B5187D1C7595870060C3AA /* ALModel+JSON.h */ = {isa = PBXFileReference; fileEncoding = 4; lastKnownFileType = sourcecode.c.h; path = "ALModel+JSON.h"; sourceTree = "<group>"; };
		43B5187E1C7595870060C3AA /* ALModel+JSON.m */ = {isa = PBXFileReference; fileEncoding = 4; lastKnownFileType = sourcecode.c.objc; lineEnding = 0; path = "ALModel+JSON.m"; sourceTree = "<group>"; xcLanguageSpecificationIdentifier = xcode.lang.objc; };
		43B518831C759A3F0060C3AA /* NSString+Helper.h */ = {isa = PBXFileReference; fileEncoding = 4; lastKnownFileType = sourcecode.c.h; lineEnding = 0; path = "NSString+Helper.h"; sourceTree = "<group>"; xcLanguageSpecificationIdentifier = xcode.lang.objcpp; };
		43B518841C759A3F0060C3AA /* NSString+Helper.m */ = {isa = PBXFileReference; fileEncoding = 4; lastKnownFileType = sourcecode.c.objc; path = "NSString+Helper.m"; sourceTree = "<group>"; };
		43B518871C759AAF0060C3AA /* NSArray+ArrayExtensions.h */ = {isa = PBXFileReference; fileEncoding = 4; lastKnownFileType = sourcecode.c.h; path = "NSArray+ArrayExtensions.h"; sourceTree = "<group>"; };
		43B518881C759AAF0060C3AA /* NSArray+ArrayExtensions.m */ = {isa = PBXFileReference; fileEncoding = 4; lastKnownFileType = sourcecode.c.objc; path = "NSArray+ArrayExtensions.m"; sourceTree = "<group>"; };
		43B518891C759AAF0060C3AA /* BlocksKitExtension.h */ = {isa = PBXFileReference; fileEncoding = 4; lastKnownFileType = sourcecode.c.h; path = BlocksKitExtension.h; sourceTree = "<group>"; };
		43B5188A1C759AAF0060C3AA /* BlocksKitExtension.m */ = {isa = PBXFileReference; fileEncoding = 4; lastKnownFileType = sourcecode.c.objc; path = BlocksKitExtension.m; sourceTree = "<group>"; };
		43B5188F1C759EE50060C3AA /* ALSQLCondition.h */ = {isa = PBXFileReference; fileEncoding = 4; lastKnownFileType = sourcecode.c.h; lineEnding = 0; path = ALSQLCondition.h; sourceTree = "<group>"; xcLanguageSpecificationIdentifier = xcode.lang.objcpp; };
		43B518901C759EE50060C3AA /* ALSQLCondition.m */ = {isa = PBXFileReference; fileEncoding = 4; lastKnownFileType = sourcecode.c.objc; path = ALSQLCondition.m; sourceTree = "<group>"; };
		43B5189C1C75AC3F0060C3AA /* ALDatabase.h */ = {isa = PBXFileReference; fileEncoding = 4; lastKnownFileType = sourcecode.c.h; lineEnding = 0; path = ALDatabase.h; sourceTree = "<group>"; xcLanguageSpecificationIdentifier = xcode.lang.objcpp; };
		43B5189D1C75AC3F0060C3AA /* ALDatabase.m */ = {isa = PBXFileReference; fileEncoding = 4; lastKnownFileType = sourcecode.c.objc; lineEnding = 0; path = ALDatabase.m; sourceTree = "<group>"; };
		43B518A61C75EF810060C3AA /* ALFMDatabaseQueue.h */ = {isa = PBXFileReference; fileEncoding = 4; lastKnownFileType = sourcecode.c.h; lineEnding = 0; path = ALFMDatabaseQueue.h; sourceTree = "<group>"; xcLanguageSpecificationIdentifier = xcode.lang.objcpp; };
		43B518A71C75EF810060C3AA /* ALFMDatabaseQueue.m */ = {isa = PBXFileReference; fileEncoding = 4; lastKnownFileType = sourcecode.c.objc; path = ALFMDatabaseQueue.m; sourceTree = "<group>"; };
		43B518AC1C76CBD80060C3AA /* ALDBColumnInfo.h */ = {isa = PBXFileReference; fileEncoding = 4; lastKnownFileType = sourcecode.c.h; lineEnding = 0; path = ALDBColumnInfo.h; sourceTree = "<group>"; xcLanguageSpecificationIdentifier = xcode.lang.objcpp; };
		43B518AD1C76CBD80060C3AA /* ALDBColumnInfo.m */ = {isa = PBXFileReference; fileEncoding = 4; lastKnownFileType = sourcecode.c.objc; path = ALDBColumnInfo.m; sourceTree = "<group>"; };
		43B518BC1C7735270060C3AA /* DBManageTests.m */ = {isa = PBXFileReference; fileEncoding = 4; lastKnownFileType = sourcecode.c.objc; path = DBManageTests.m; sourceTree = "<group>"; };
		43D0FE781C7D802F0096F232 /* ALDBMigrationProtocol.h */ = {isa = PBXFileReference; fileEncoding = 4; lastKnownFileType = sourcecode.c.h; path = ALDBMigrationProtocol.h; sourceTree = "<group>"; };
		43D0FE801C7EAC7D0096F232 /* ALModel_Define.h */ = {isa = PBXFileReference; fileEncoding = 4; lastKnownFileType = sourcecode.c.h; path = ALModel_Define.h; sourceTree = "<group>"; };
		43D0FE811C7EAC7D0096F232 /* ALModel_Define.m */ = {isa = PBXFileReference; fileEncoding = 4; lastKnownFileType = sourcecode.c.objc; path = ALModel_Define.m; sourceTree = "<group>"; };
		43D0FE841C7EB3710096F232 /* ALModel.h */ = {isa = PBXFileReference; fileEncoding = 4; lastKnownFileType = sourcecode.c.h; path = ALModel.h; sourceTree = "<group>"; };
		43D0FE861C7EB3F40096F232 /* ALModel+ActiveRecord.h */ = {isa = PBXFileReference; fileEncoding = 4; lastKnownFileType = sourcecode.c.h; lineEnding = 0; path = "ALModel+ActiveRecord.h"; sourceTree = "<group>"; xcLanguageSpecificationIdentifier = xcode.lang.objcpp; };
		43D0FE871C7EB3F40096F232 /* ALModel+ActiveRecord.m */ = {isa = PBXFileReference; fileEncoding = 4; lastKnownFileType = sourcecode.c.objc; path = "ALModel+ActiveRecord.m"; sourceTree = "<group>"; };
		43FB7AE41C9C81FB007B62C7 /* libPods-patchworkTests-ASIHTTPRequest.a */ = {isa = PBXFileReference; lastKnownFileType = archive.ar; name = "libPods-patchworkTests-ASIHTTPRequest.a"; path = "Pods/../build/Debug-iphoneos/libPods-patchworkTests-ASIHTTPRequest.a"; sourceTree = "<group>"; };
		81FDE66C67E6452F8F285B2B /* libPods.a */ = {isa = PBXFileReference; explicitFileType = archive.ar; includeInIndex = 0; path = libPods.a; sourceTree = BUILT_PRODUCTS_DIR; };
		8322435AE68A8E9DB0B311D4 /* libPods-patchwork-Demo-iOS.a */ = {isa = PBXFileReference; explicitFileType = archive.ar; includeInIndex = 0; path = "libPods-patchwork-Demo-iOS.a"; sourceTree = BUILT_PRODUCTS_DIR; };
		9B72DABE29A24A93A7134361 /* Pods-patchwork.debug.xcconfig */ = {isa = PBXFileReference; includeInIndex = 1; lastKnownFileType = text.xcconfig; name = "Pods-patchwork.debug.xcconfig"; path = "Pods/Target Support Files/Pods-patchwork/Pods-patchwork.debug.xcconfig"; sourceTree = "<group>"; };
		A2F7E30A6DB4A2921D021EAC /* Pods-patchworkTests.debug.xcconfig */ = {isa = PBXFileReference; includeInIndex = 1; lastKnownFileType = text.xcconfig; name = "Pods-patchworkTests.debug.xcconfig"; path = "Pods/Target Support Files/Pods-patchworkTests/Pods-patchworkTests.debug.xcconfig"; sourceTree = "<group>"; };
		A6CC35E7E3222FAF183EEC85 /* libPods-patchworkTests.a */ = {isa = PBXFileReference; explicitFileType = archive.ar; includeInIndex = 0; path = "libPods-patchworkTests.a"; sourceTree = BUILT_PRODUCTS_DIR; };
		AC328D3A9D0453068ACA9F3C /* Pods-patchwork.release.xcconfig */ = {isa = PBXFileReference; includeInIndex = 1; lastKnownFileType = text.xcconfig; name = "Pods-patchwork.release.xcconfig"; path = "Pods/Target Support Files/Pods-patchwork/Pods-patchwork.release.xcconfig"; sourceTree = "<group>"; };
		CE2E6E93A2ACB80172E8C20E /* Pods-patchwork-Demo-iOS.release.xcconfig */ = {isa = PBXFileReference; includeInIndex = 1; lastKnownFileType = text.xcconfig; name = "Pods-patchwork-Demo-iOS.release.xcconfig"; path = "Pods/Target Support Files/Pods-patchwork-Demo-iOS/Pods-patchwork-Demo-iOS.release.xcconfig"; sourceTree = "<group>"; };
/* End PBXFileReference section */

/* Begin PBXFrameworksBuildPhase section */
		4362969A1C7C693D00EBA718 /* Frameworks */ = {
			isa = PBXFrameworksBuildPhase;
			buildActionMask = 2147483647;
			files = (
				438F63D11C9019E4003EA9B6 /* patchwork.framework in Frameworks */,
				ED83656BFFF92A6C9898F9D0 /* libPods-patchwork-Demo-iOS.a in Frameworks */,
			);
			runOnlyForDeploymentPostprocessing = 0;
		};
		43B5185C1C7590320060C3AA /* Frameworks */ = {
			isa = PBXFrameworksBuildPhase;
			buildActionMask = 2147483647;
			files = (
				566CC29F211F0E71B8E2DB76 /* libPods-patchwork.a in Frameworks */,
			);
			runOnlyForDeploymentPostprocessing = 0;
		};
		43B518671C7590320060C3AA /* Frameworks */ = {
			isa = PBXFrameworksBuildPhase;
			buildActionMask = 2147483647;
			files = (
				43FB7AE51C9C81FB007B62C7 /* libPods-patchworkTests-ASIHTTPRequest.a in Frameworks */,
				43B5186B1C7590320060C3AA /* patchwork.framework in Frameworks */,
				1A066F2EAFB39EE833965314 /* libPods-patchworkTests.a in Frameworks */,
			);
			runOnlyForDeploymentPostprocessing = 0;
		};
/* End PBXFrameworksBuildPhase section */

/* Begin PBXGroup section */
		430F6F691C9A5F7C003E8F6C /* Foundations */ = {
			isa = PBXGroup;
			children = (
				430F6F6A1C9A5F7C003E8F6C /* ALDevice.h */,
				430F6F6B1C9A5F7C003E8F6C /* ALDevice.m */,
				430F6F6C1C9A5F7C003E8F6C /* ALOCRuntime.h */,
				430F6F6D1C9A5F7C003E8F6C /* ALOCRuntime.m */,
				430F6F6E1C9A5F7C003E8F6C /* Base64.h */,
				430F6F6F1C9A5F7C003E8F6C /* Base64.m */,
				430F6F701C9A5F7C003E8F6C /* MD5.h */,
				430F6F711C9A5F7C003E8F6C /* MD5.m */,
				430F6F721C9A5F7C003E8F6C /* SHA1.h */,
				430F6F731C9A5F7C003E8F6C /* SHA1.m */,
				430F6F741C9A5F7C003E8F6C /* Singleton_Template.h */,
				430F6F751C9A5F7C003E8F6C /* UtilitiesHeader.h */,
			);
			path = Foundations;
			sourceTree = "<group>";
		};
		436296781C7B6D3C00EBA718 /* SqlCommands */ = {
			isa = PBXGroup;
			children = (
				436296791C7B6D3C00EBA718 /* ALSQLCommand.h */,
				4362967A1C7B6D3C00EBA718 /* ALSQLCommand.m */,
				4362967B1C7B6D3C00EBA718 /* ALSQLSelectCommand.h */,
				4362967C1C7B6D3C00EBA718 /* ALSQLSelectCommand.m */,
				4362967D1C7B6D3C00EBA718 /* ALSQLUpdateCommand.h */,
				4362967E1C7B6D3C00EBA718 /* ALSQLUpdateCommand.m */,
				436296851C7B6D5400EBA718 /* ALSQLInsertCommand.h */,
				436296861C7B6D5400EBA718 /* ALSQLInsertCommand.m */,
				436296AE1C7C6C2200EBA718 /* ALSQLDeleteCommand.h */,
				436296AF1C7C6C2200EBA718 /* ALSQLDeleteCommand.m */,
			);
			path = SqlCommands;
			sourceTree = "<group>";
		};
		4362969E1C7C693D00EBA718 /* patchwork-Demo-iOS */ = {
			isa = PBXGroup;
			children = (
				436296A21C7C693D00EBA718 /* AppDelegate.h */,
				436296A31C7C693D00EBA718 /* AppDelegate.m */,
				436296A51C7C693D00EBA718 /* Assets.xcassets */,
				436296A71C7C693D00EBA718 /* LaunchScreen.storyboard */,
				436296AA1C7C693D00EBA718 /* Info.plist */,
				4362969F1C7C693D00EBA718 /* Supporting Files */,
			);
			path = "patchwork-Demo-iOS";
			sourceTree = "<group>";
		};
		4362969F1C7C693D00EBA718 /* Supporting Files */ = {
			isa = PBXGroup;
			children = (
				436296A01C7C693D00EBA718 /* main.m */,
			);
			name = "Supporting Files";
			sourceTree = "<group>";
		};
		439B6A191C9308C700900FEB /* NetworkAdaptor */ = {
			isa = PBXGroup;
			children = (
				439B6A1A1C9308C700900FEB /* ALHTTPRequest.h */,
				439B6A1B1C9308C700900FEB /* ALHTTPRequest.m */,
				439B6A1C1C9308C700900FEB /* ALHTTPResponse.h */,
				439B6A1D1C9308C700900FEB /* ALHTTPResponse.m */,
				439B6A1E1C9308C700900FEB /* ALNetwork_config.h */,
				439B6A1F1C9308C700900FEB /* ALURLRequestQueueAdaptorProtocol.h */,
				439B6A201C9308C700900FEB /* ASIHTTPRequestQueueAdaptor.h */,
				439B6A211C9308C700900FEB /* ASIHTTPRequestQueueAdaptor.m */,
				439B6A221C9308C700900FEB /* NSURLSessionAdaptor.h */,
				439B6A231C9308C700900FEB /* NSURLSessionAdaptor.m */,
			);
			path = NetworkAdaptor;
			sourceTree = "<group>";
		};
		43B518561C7590320060C3AA = {
			isa = PBXGroup;
			children = (
				43B518621C7590320060C3AA /* patchwork */,
				43B5186E1C7590320060C3AA /* patchworkTests */,
				4362969E1C7C693D00EBA718 /* patchwork-Demo-iOS */,
				43B518611C7590320060C3AA /* Products */,
				BB90779D334D1C9697882EAD /* Pods */,
				E64F4436CCF9CF33AB80C8FC /* Frameworks */,
			);
			sourceTree = "<group>";
		};
		43B518611C7590320060C3AA /* Products */ = {
			isa = PBXGroup;
			children = (
				43B518601C7590320060C3AA /* patchwork.framework */,
				43B5186A1C7590320060C3AA /* patchworkTests.xctest */,
				4362969D1C7C693D00EBA718 /* patchwork-Demo-iOS.app */,
			);
			name = Products;
			sourceTree = "<group>";
		};
		43B518621C7590320060C3AA /* patchwork */ = {
			isa = PBXGroup;
			children = (
				430F6F691C9A5F7C003E8F6C /* Foundations */,
				439B6A191C9308C700900FEB /* NetworkAdaptor */,
				43B5187A1C7595590060C3AA /* Database */,
				43B5187B1C7595590060C3AA /* Extensions */,
				43B5187C1C7595590060C3AA /* Model */,
				43B518651C7590320060C3AA /* Info.plist */,
				43B518631C7590320060C3AA /* patchwork.h */,
			);
			path = patchwork;
			sourceTree = "<group>";
		};
		43B5186E1C7590320060C3AA /* patchworkTests */ = {
			isa = PBXGroup;
			children = (
				43B5186F1C7590320060C3AA /* patchworkTests.m */,
				43B518711C7590320060C3AA /* Info.plist */,
				43B518BC1C7735270060C3AA /* DBManageTests.m */,
			);
			path = patchworkTests;
			sourceTree = "<group>";
		};
		43B5187A1C7595590060C3AA /* Database */ = {
			isa = PBXGroup;
			children = (
				436296781C7B6D3C00EBA718 /* SqlCommands */,
				43B5189C1C75AC3F0060C3AA /* ALDatabase.h */,
				43B5189D1C75AC3F0060C3AA /* ALDatabase.m */,
				43D0FE781C7D802F0096F232 /* ALDBMigrationProtocol.h */,
				43B518A61C75EF810060C3AA /* ALFMDatabaseQueue.h */,
				43B518A71C75EF810060C3AA /* ALFMDatabaseQueue.m */,
				43B518AC1C76CBD80060C3AA /* ALDBColumnInfo.h */,
				43B518AD1C76CBD80060C3AA /* ALDBColumnInfo.m */,
				43B5188F1C759EE50060C3AA /* ALSQLCondition.h */,
				43B518901C759EE50060C3AA /* ALSQLCondition.m */,
			);
			path = Database;
			sourceTree = "<group>";
		};
		43B5187B1C7595590060C3AA /* Extensions */ = {
			isa = PBXGroup;
			children = (
				430F6F611C9A5F3D003E8F6C /* NSCache+ALExtensions.h */,
				430F6F621C9A5F3D003E8F6C /* NSCache+ALExtensions.m */,
				430F6F631C9A5F3D003E8F6C /* NSDate+ALExtensions.h */,
				430F6F641C9A5F3D003E8F6C /* NSDate+ALExtensions.m */,
				43B518871C759AAF0060C3AA /* NSArray+ArrayExtensions.h */,
				43B518881C759AAF0060C3AA /* NSArray+ArrayExtensions.m */,
				43B518891C759AAF0060C3AA /* BlocksKitExtension.h */,
				43B5188A1C759AAF0060C3AA /* BlocksKitExtension.m */,
				43B518831C759A3F0060C3AA /* NSString+Helper.h */,
				43B518841C759A3F0060C3AA /* NSString+Helper.m */,
			);
			path = Extensions;
			sourceTree = "<group>";
		};
		43B5187C1C7595590060C3AA /* Model */ = {
			isa = PBXGroup;
			children = (
				43D0FE841C7EB3710096F232 /* ALModel.h */,
				43D0FE801C7EAC7D0096F232 /* ALModel_Define.h */,
				43D0FE811C7EAC7D0096F232 /* ALModel_Define.m */,
				43B5187D1C7595870060C3AA /* ALModel+JSON.h */,
				43B5187E1C7595870060C3AA /* ALModel+JSON.m */,
				43D0FE861C7EB3F40096F232 /* ALModel+ActiveRecord.h */,
				43D0FE871C7EB3F40096F232 /* ALModel+ActiveRecord.m */,
			);
			path = Model;
			sourceTree = "<group>";
		};
		BB90779D334D1C9697882EAD /* Pods */ = {
			isa = PBXGroup;
			children = (
				1CC6CC43C4CB648A1F7EF879 /* Pods-patchwork-Demo-iOS.debug.xcconfig */,
				CE2E6E93A2ACB80172E8C20E /* Pods-patchwork-Demo-iOS.release.xcconfig */,
				9B72DABE29A24A93A7134361 /* Pods-patchwork.debug.xcconfig */,
				AC328D3A9D0453068ACA9F3C /* Pods-patchwork.release.xcconfig */,
				A2F7E30A6DB4A2921D021EAC /* Pods-patchworkTests.debug.xcconfig */,
				33DF461A8106AF5033E86B0D /* Pods-patchworkTests.release.xcconfig */,
			);
			name = Pods;
			sourceTree = "<group>";
		};
		E64F4436CCF9CF33AB80C8FC /* Frameworks */ = {
			isa = PBXGroup;
			children = (
				43FB7AE41C9C81FB007B62C7 /* libPods-patchworkTests-ASIHTTPRequest.a */,
				81FDE66C67E6452F8F285B2B /* libPods.a */,
				102D4C7D7F5960683C080401 /* libPods-patchwork.a */,
				8322435AE68A8E9DB0B311D4 /* libPods-patchwork-Demo-iOS.a */,
				A6CC35E7E3222FAF183EEC85 /* libPods-patchworkTests.a */,
			);
			name = Frameworks;
			sourceTree = "<group>";
		};
/* End PBXGroup section */

/* Begin PBXHeadersBuildPhase section */
		43B5185D1C7590320060C3AA /* Headers */ = {
			isa = PBXHeadersBuildPhase;
			buildActionMask = 2147483647;
			files = (
				43D0FE881C7EB3F40096F232 /* ALModel+ActiveRecord.h in Headers */,
				4362967F1C7B6D3C00EBA718 /* ALSQLCommand.h in Headers */,
				430F6F811C9A5F7C003E8F6C /* UtilitiesHeader.h in Headers */,
				430F6F7A1C9A5F7C003E8F6C /* Base64.h in Headers */,
				436296831C7B6D3C00EBA718 /* ALSQLUpdateCommand.h in Headers */,
				439B6A261C9308C700900FEB /* ALHTTPResponse.h in Headers */,
				439B6A2C1C9308C700900FEB /* NSURLSessionAdaptor.h in Headers */,
				43D0FE821C7EAC7D0096F232 /* ALModel_Define.h in Headers */,
				43B518AE1C76CBD80060C3AA /* ALDBColumnInfo.h in Headers */,
				43B518641C7590320060C3AA /* patchwork.h in Headers */,
				43B5187F1C7595870060C3AA /* ALModel+JSON.h in Headers */,
				436296811C7B6D3C00EBA718 /* ALSQLSelectCommand.h in Headers */,
				430F6F781C9A5F7C003E8F6C /* ALOCRuntime.h in Headers */,
				439B6A2A1C9308C700900FEB /* ASIHTTPRequestQueueAdaptor.h in Headers */,
				43D0FE791C7D802F0096F232 /* ALDBMigrationProtocol.h in Headers */,
				43B518A81C75EF810060C3AA /* ALFMDatabaseQueue.h in Headers */,
				436296871C7B6D5400EBA718 /* ALSQLInsertCommand.h in Headers */,
				43B518911C759EE50060C3AA /* ALSQLCondition.h in Headers */,
				430F6F7E1C9A5F7C003E8F6C /* SHA1.h in Headers */,
				439B6A241C9308C700900FEB /* ALHTTPRequest.h in Headers */,
				43B5188D1C759AAF0060C3AA /* BlocksKitExtension.h in Headers */,
				430F6F761C9A5F7C003E8F6C /* ALDevice.h in Headers */,
				43B5188B1C759AAF0060C3AA /* NSArray+ArrayExtensions.h in Headers */,
				439B6A291C9308C700900FEB /* ALURLRequestQueueAdaptorProtocol.h in Headers */,
				436296B01C7C6C2200EBA718 /* ALSQLDeleteCommand.h in Headers */,
				430F6F801C9A5F7C003E8F6C /* Singleton_Template.h in Headers */,
				439B6A281C9308C700900FEB /* ALNetwork_config.h in Headers */,
				43D0FE851C7EB3710096F232 /* ALModel.h in Headers */,
				430F6F651C9A5F3D003E8F6C /* NSCache+ALExtensions.h in Headers */,
				43B5189E1C75AC3F0060C3AA /* ALDatabase.h in Headers */,
				430F6F7C1C9A5F7C003E8F6C /* MD5.h in Headers */,
				430F6F671C9A5F3D003E8F6C /* NSDate+ALExtensions.h in Headers */,
				43B518851C759A3F0060C3AA /* NSString+Helper.h in Headers */,
			);
			runOnlyForDeploymentPostprocessing = 0;
		};
/* End PBXHeadersBuildPhase section */

/* Begin PBXNativeTarget section */
		4362969C1C7C693D00EBA718 /* patchwork-Demo-iOS */ = {
			isa = PBXNativeTarget;
			buildConfigurationList = 436296AB1C7C693D00EBA718 /* Build configuration list for PBXNativeTarget "patchwork-Demo-iOS" */;
			buildPhases = (
				C2E978FD716D5A29FD97EDC9 /* Check Pods Manifest.lock */,
				436296991C7C693D00EBA718 /* Sources */,
				4362969A1C7C693D00EBA718 /* Frameworks */,
				4362969B1C7C693D00EBA718 /* Resources */,
				A452F1986CEDEE360DDFF8C7 /* Embed Pods Frameworks */,
				7A5B116EBD482CB4EB287612 /* Copy Pods Resources */,
			);
			buildRules = (
			);
			dependencies = (
				438F63D01C9019BC003EA9B6 /* PBXTargetDependency */,
			);
			name = "patchwork-Demo-iOS";
			productName = "patchwork-Demo-iOS";
			productReference = 4362969D1C7C693D00EBA718 /* patchwork-Demo-iOS.app */;
			productType = "com.apple.product-type.application";
		};
		43B5185F1C7590320060C3AA /* patchwork */ = {
			isa = PBXNativeTarget;
			buildConfigurationList = 43B518741C7590320060C3AA /* Build configuration list for PBXNativeTarget "patchwork" */;
			buildPhases = (
				E3F534080B3B9DEE2D18C7C2 /* Check Pods Manifest.lock */,
				43B5185B1C7590320060C3AA /* Sources */,
				43B5185C1C7590320060C3AA /* Frameworks */,
				43B5185D1C7590320060C3AA /* Headers */,
				43B5185E1C7590320060C3AA /* Resources */,
				E71ADC151E4EE8F07395A69E /* Copy Pods Resources */,
			);
			buildRules = (
			);
			dependencies = (
			);
			name = patchwork;
			productName = patchwork;
			productReference = 43B518601C7590320060C3AA /* patchwork.framework */;
			productType = "com.apple.product-type.framework";
		};
		43B518691C7590320060C3AA /* patchworkTests */ = {
			isa = PBXNativeTarget;
			buildConfigurationList = 43B518771C7590320060C3AA /* Build configuration list for PBXNativeTarget "patchworkTests" */;
			buildPhases = (
				A50DB8CA40F8E516A3D511BB /* Check Pods Manifest.lock */,
				43B518661C7590320060C3AA /* Sources */,
				43B518671C7590320060C3AA /* Frameworks */,
				43B518681C7590320060C3AA /* Resources */,
				503686BC74D176CDC971ABDA /* Embed Pods Frameworks */,
				5954900B084E3B63158C37AD /* Copy Pods Resources */,
			);
			buildRules = (
			);
			dependencies = (
				43B5186D1C7590320060C3AA /* PBXTargetDependency */,
			);
			name = patchworkTests;
			productName = patchworkTests;
			productReference = 43B5186A1C7590320060C3AA /* patchworkTests.xctest */;
			productType = "com.apple.product-type.bundle.unit-test";
		};
/* End PBXNativeTarget section */

/* Begin PBXProject section */
		43B518571C7590320060C3AA /* Project object */ = {
			isa = PBXProject;
			attributes = {
				LastUpgradeCheck = 0720;
				ORGANIZATIONNAME = "Alex Lee";
				TargetAttributes = {
					4362969C1C7C693D00EBA718 = {
						CreatedOnToolsVersion = 7.2.1;
						DevelopmentTeam = 5C49FL46KW;
					};
					43B5185F1C7590320060C3AA = {
						CreatedOnToolsVersion = 7.2.1;
					};
					43B518691C7590320060C3AA = {
						CreatedOnToolsVersion = 7.2.1;
					};
				};
			};
			buildConfigurationList = 43B5185A1C7590320060C3AA /* Build configuration list for PBXProject "patchwork" */;
			compatibilityVersion = "Xcode 3.2";
			developmentRegion = English;
			hasScannedForEncodings = 0;
			knownRegions = (
				en,
				Base,
			);
			mainGroup = 43B518561C7590320060C3AA;
			productRefGroup = 43B518611C7590320060C3AA /* Products */;
			projectDirPath = "";
			projectRoot = "";
			targets = (
				43B5185F1C7590320060C3AA /* patchwork */,
				43B518691C7590320060C3AA /* patchworkTests */,
				4362969C1C7C693D00EBA718 /* patchwork-Demo-iOS */,
			);
		};
/* End PBXProject section */

/* Begin PBXResourcesBuildPhase section */
		4362969B1C7C693D00EBA718 /* Resources */ = {
			isa = PBXResourcesBuildPhase;
			buildActionMask = 2147483647;
			files = (
				436296A61C7C693D00EBA718 /* Assets.xcassets in Resources */,
				436296A91C7C693D00EBA718 /* LaunchScreen.storyboard in Resources */,
			);
			runOnlyForDeploymentPostprocessing = 0;
		};
		43B5185E1C7590320060C3AA /* Resources */ = {
			isa = PBXResourcesBuildPhase;
			buildActionMask = 2147483647;
			files = (
			);
			runOnlyForDeploymentPostprocessing = 0;
		};
		43B518681C7590320060C3AA /* Resources */ = {
			isa = PBXResourcesBuildPhase;
			buildActionMask = 2147483647;
			files = (
			);
			runOnlyForDeploymentPostprocessing = 0;
		};
/* End PBXResourcesBuildPhase section */

/* Begin PBXShellScriptBuildPhase section */
		503686BC74D176CDC971ABDA /* Embed Pods Frameworks */ = {
			isa = PBXShellScriptBuildPhase;
			buildActionMask = 2147483647;
			files = (
			);
			inputPaths = (
			);
			name = "Embed Pods Frameworks";
			outputPaths = (
			);
			runOnlyForDeploymentPostprocessing = 0;
			shellPath = /bin/sh;
			shellScript = "\"${SRCROOT}/Pods/Target Support Files/Pods-patchworkTests/Pods-patchworkTests-frameworks.sh\"\n";
			showEnvVarsInLog = 0;
		};
		5954900B084E3B63158C37AD /* Copy Pods Resources */ = {
			isa = PBXShellScriptBuildPhase;
			buildActionMask = 2147483647;
			files = (
			);
			inputPaths = (
			);
			name = "Copy Pods Resources";
			outputPaths = (
			);
			runOnlyForDeploymentPostprocessing = 0;
			shellPath = /bin/sh;
			shellScript = "\"${SRCROOT}/Pods/Target Support Files/Pods-patchworkTests/Pods-patchworkTests-resources.sh\"\n";
			showEnvVarsInLog = 0;
		};
		7A5B116EBD482CB4EB287612 /* Copy Pods Resources */ = {
			isa = PBXShellScriptBuildPhase;
			buildActionMask = 2147483647;
			files = (
			);
			inputPaths = (
			);
			name = "Copy Pods Resources";
			outputPaths = (
			);
			runOnlyForDeploymentPostprocessing = 0;
			shellPath = /bin/sh;
			shellScript = "\"${SRCROOT}/Pods/Target Support Files/Pods-patchwork-Demo-iOS/Pods-patchwork-Demo-iOS-resources.sh\"\n";
			showEnvVarsInLog = 0;
		};
		A452F1986CEDEE360DDFF8C7 /* Embed Pods Frameworks */ = {
			isa = PBXShellScriptBuildPhase;
			buildActionMask = 2147483647;
			files = (
			);
			inputPaths = (
			);
			name = "Embed Pods Frameworks";
			outputPaths = (
			);
			runOnlyForDeploymentPostprocessing = 0;
			shellPath = /bin/sh;
			shellScript = "\"${SRCROOT}/Pods/Target Support Files/Pods-patchwork-Demo-iOS/Pods-patchwork-Demo-iOS-frameworks.sh\"\n";
			showEnvVarsInLog = 0;
		};
		A50DB8CA40F8E516A3D511BB /* Check Pods Manifest.lock */ = {
			isa = PBXShellScriptBuildPhase;
			buildActionMask = 2147483647;
			files = (
			);
			inputPaths = (
			);
			name = "Check Pods Manifest.lock";
			outputPaths = (
			);
			runOnlyForDeploymentPostprocessing = 0;
			shellPath = /bin/sh;
			shellScript = "diff \"${PODS_ROOT}/../Podfile.lock\" \"${PODS_ROOT}/Manifest.lock\" > /dev/null\nif [[ $? != 0 ]] ; then\n    cat << EOM\nerror: The sandbox is not in sync with the Podfile.lock. Run 'pod install' or update your CocoaPods installation.\nEOM\n    exit 1\nfi\n";
			showEnvVarsInLog = 0;
		};
		C2E978FD716D5A29FD97EDC9 /* Check Pods Manifest.lock */ = {
			isa = PBXShellScriptBuildPhase;
			buildActionMask = 2147483647;
			files = (
			);
			inputPaths = (
			);
			name = "Check Pods Manifest.lock";
			outputPaths = (
			);
			runOnlyForDeploymentPostprocessing = 0;
			shellPath = /bin/sh;
			shellScript = "diff \"${PODS_ROOT}/../Podfile.lock\" \"${PODS_ROOT}/Manifest.lock\" > /dev/null\nif [[ $? != 0 ]] ; then\n    cat << EOM\nerror: The sandbox is not in sync with the Podfile.lock. Run 'pod install' or update your CocoaPods installation.\nEOM\n    exit 1\nfi\n";
			showEnvVarsInLog = 0;
		};
		E3F534080B3B9DEE2D18C7C2 /* Check Pods Manifest.lock */ = {
			isa = PBXShellScriptBuildPhase;
			buildActionMask = 2147483647;
			files = (
			);
			inputPaths = (
			);
			name = "Check Pods Manifest.lock";
			outputPaths = (
			);
			runOnlyForDeploymentPostprocessing = 0;
			shellPath = /bin/sh;
			shellScript = "diff \"${PODS_ROOT}/../Podfile.lock\" \"${PODS_ROOT}/Manifest.lock\" > /dev/null\nif [[ $? != 0 ]] ; then\n    cat << EOM\nerror: The sandbox is not in sync with the Podfile.lock. Run 'pod install' or update your CocoaPods installation.\nEOM\n    exit 1\nfi\n";
			showEnvVarsInLog = 0;
		};
		E71ADC151E4EE8F07395A69E /* Copy Pods Resources */ = {
			isa = PBXShellScriptBuildPhase;
			buildActionMask = 2147483647;
			files = (
			);
			inputPaths = (
			);
			name = "Copy Pods Resources";
			outputPaths = (
			);
			runOnlyForDeploymentPostprocessing = 0;
			shellPath = /bin/sh;
			shellScript = "\"${SRCROOT}/Pods/Target Support Files/Pods-patchwork/Pods-patchwork-resources.sh\"\n";
			showEnvVarsInLog = 0;
		};
/* End PBXShellScriptBuildPhase section */

/* Begin PBXSourcesBuildPhase section */
		436296991C7C693D00EBA718 /* Sources */ = {
			isa = PBXSourcesBuildPhase;
			buildActionMask = 2147483647;
			files = (
				436296A41C7C693D00EBA718 /* AppDelegate.m in Sources */,
				436296A11C7C693D00EBA718 /* main.m in Sources */,
			);
			runOnlyForDeploymentPostprocessing = 0;
		};
		43B5185B1C7590320060C3AA /* Sources */ = {
			isa = PBXSourcesBuildPhase;
			buildActionMask = 2147483647;
			files = (
				430F6F7F1C9A5F7C003E8F6C /* SHA1.m in Sources */,
				436296841C7B6D3C00EBA718 /* ALSQLUpdateCommand.m in Sources */,
				439B6A271C9308C700900FEB /* ALHTTPResponse.m in Sources */,
				430F6F661C9A5F3D003E8F6C /* NSCache+ALExtensions.m in Sources */,
				436296B11C7C6C2200EBA718 /* ALSQLDeleteCommand.m in Sources */,
				43B5189F1C75AC3F0060C3AA /* ALDatabase.m in Sources */,
				43B518921C759EE50060C3AA /* ALSQLCondition.m in Sources */,
				43B518861C759A3F0060C3AA /* NSString+Helper.m in Sources */,
				430F6F7D1C9A5F7C003E8F6C /* MD5.m in Sources */,
				43B518A91C75EF810060C3AA /* ALFMDatabaseQueue.m in Sources */,
				43D0FE891C7EB3F40096F232 /* ALModel+ActiveRecord.m in Sources */,
				43B5188E1C759AAF0060C3AA /* BlocksKitExtension.m in Sources */,
				436296801C7B6D3C00EBA718 /* ALSQLCommand.m in Sources */,
				43B518AF1C76CBD80060C3AA /* ALDBColumnInfo.m in Sources */,
				439B6A251C9308C700900FEB /* ALHTTPRequest.m in Sources */,
				43B518801C7595870060C3AA /* ALModel+JSON.m in Sources */,
				43D0FE831C7EAC7D0096F232 /* ALModel_Define.m in Sources */,
				439B6A2D1C9308C700900FEB /* NSURLSessionAdaptor.m in Sources */,
				430F6F7B1C9A5F7C003E8F6C /* Base64.m in Sources */,
				43B5188C1C759AAF0060C3AA /* NSArray+ArrayExtensions.m in Sources */,
				430F6F681C9A5F3D003E8F6C /* NSDate+ALExtensions.m in Sources */,
				436296881C7B6D5400EBA718 /* ALSQLInsertCommand.m in Sources */,
				436296821C7B6D3C00EBA718 /* ALSQLSelectCommand.m in Sources */,
				430F6F791C9A5F7C003E8F6C /* ALOCRuntime.m in Sources */,
				430F6F771C9A5F7C003E8F6C /* ALDevice.m in Sources */,
				439B6A2B1C9308C700900FEB /* ASIHTTPRequestQueueAdaptor.m in Sources */,
			);
			runOnlyForDeploymentPostprocessing = 0;
		};
		43B518661C7590320060C3AA /* Sources */ = {
			isa = PBXSourcesBuildPhase;
			buildActionMask = 2147483647;
			files = (
				43B518BD1C7735270060C3AA /* DBManageTests.m in Sources */,
				43B518701C7590320060C3AA /* patchworkTests.m in Sources */,
			);
			runOnlyForDeploymentPostprocessing = 0;
		};
/* End PBXSourcesBuildPhase section */

/* Begin PBXTargetDependency section */
		438F63D01C9019BC003EA9B6 /* PBXTargetDependency */ = {
			isa = PBXTargetDependency;
			target = 43B5185F1C7590320060C3AA /* patchwork */;
			targetProxy = 438F63CF1C9019BC003EA9B6 /* PBXContainerItemProxy */;
		};
		43B5186D1C7590320060C3AA /* PBXTargetDependency */ = {
			isa = PBXTargetDependency;
			target = 43B5185F1C7590320060C3AA /* patchwork */;
			targetProxy = 43B5186C1C7590320060C3AA /* PBXContainerItemProxy */;
		};
/* End PBXTargetDependency section */

/* Begin PBXVariantGroup section */
		436296A71C7C693D00EBA718 /* LaunchScreen.storyboard */ = {
			isa = PBXVariantGroup;
			children = (
				436296A81C7C693D00EBA718 /* Base */,
			);
			name = LaunchScreen.storyboard;
			sourceTree = "<group>";
		};
/* End PBXVariantGroup section */

/* Begin XCBuildConfiguration section */
		436296AC1C7C693D00EBA718 /* Debug */ = {
			isa = XCBuildConfiguration;
			baseConfigurationReference = 1CC6CC43C4CB648A1F7EF879 /* Pods-patchwork-Demo-iOS.debug.xcconfig */;
			buildSettings = {
				ASSETCATALOG_COMPILER_APPICON_NAME = AppIcon;
				CODE_SIGN_IDENTITY = "iPhone Developer";
				INFOPLIST_FILE = "patchwork-Demo-iOS/Info.plist";
				LD_RUNPATH_SEARCH_PATHS = "$(inherited) @executable_path/Frameworks";
				PRODUCT_BUNDLE_IDENTIFIER = "me.alexlee002.patchwork-Demo-iOS";
				PRODUCT_NAME = "$(TARGET_NAME)";
			};
			name = Debug;
		};
		436296AD1C7C693D00EBA718 /* Release */ = {
			isa = XCBuildConfiguration;
			baseConfigurationReference = CE2E6E93A2ACB80172E8C20E /* Pods-patchwork-Demo-iOS.release.xcconfig */;
			buildSettings = {
				ASSETCATALOG_COMPILER_APPICON_NAME = AppIcon;
				CODE_SIGN_IDENTITY = "iPhone Developer";
				INFOPLIST_FILE = "patchwork-Demo-iOS/Info.plist";
				LD_RUNPATH_SEARCH_PATHS = "$(inherited) @executable_path/Frameworks";
				PRODUCT_BUNDLE_IDENTIFIER = "me.alexlee002.patchwork-Demo-iOS";
				PRODUCT_NAME = "$(TARGET_NAME)";
			};
			name = Release;
		};
		43B518721C7590320060C3AA /* Debug */ = {
			isa = XCBuildConfiguration;
			buildSettings = {
				ALWAYS_SEARCH_USER_PATHS = NO;
				CLANG_CXX_LANGUAGE_STANDARD = "gnu++0x";
				CLANG_CXX_LIBRARY = "libc++";
				CLANG_ENABLE_MODULES = YES;
				CLANG_ENABLE_OBJC_ARC = YES;
				CLANG_WARN_BOOL_CONVERSION = YES;
				CLANG_WARN_CONSTANT_CONVERSION = YES;
				CLANG_WARN_DIRECT_OBJC_ISA_USAGE = YES_ERROR;
				CLANG_WARN_EMPTY_BODY = YES;
				CLANG_WARN_ENUM_CONVERSION = YES;
				CLANG_WARN_INT_CONVERSION = YES;
				CLANG_WARN_OBJC_ROOT_CLASS = YES_ERROR;
				CLANG_WARN_UNREACHABLE_CODE = YES;
				CLANG_WARN__DUPLICATE_METHOD_MATCH = YES;
				"CODE_SIGN_IDENTITY[sdk=iphoneos*]" = "iPhone Developer";
				COPY_PHASE_STRIP = NO;
				CURRENT_PROJECT_VERSION = 1;
				DEBUG_INFORMATION_FORMAT = dwarf;
				ENABLE_STRICT_OBJC_MSGSEND = YES;
				ENABLE_TESTABILITY = YES;
				GCC_C_LANGUAGE_STANDARD = gnu99;
				GCC_DYNAMIC_NO_PIC = NO;
				GCC_NO_COMMON_BLOCKS = YES;
				GCC_OPTIMIZATION_LEVEL = 0;
				GCC_PREPROCESSOR_DEFINITIONS = (
					"DEBUG=1",
					"$(inherited)",
				);
				GCC_WARN_64_TO_32_BIT_CONVERSION = YES;
				GCC_WARN_ABOUT_RETURN_TYPE = YES_ERROR;
				GCC_WARN_UNDECLARED_SELECTOR = YES;
				GCC_WARN_UNINITIALIZED_AUTOS = YES_AGGRESSIVE;
				GCC_WARN_UNUSED_FUNCTION = YES;
				GCC_WARN_UNUSED_VARIABLE = YES;
				IPHONEOS_DEPLOYMENT_TARGET = 9.2;
				MTL_ENABLE_DEBUG_INFO = YES;
				ONLY_ACTIVE_ARCH = YES;
				SDKROOT = iphoneos;
				TARGETED_DEVICE_FAMILY = "1,2";
				VERSIONING_SYSTEM = "apple-generic";
				VERSION_INFO_PREFIX = "";
			};
			name = Debug;
		};
		43B518731C7590320060C3AA /* Release */ = {
			isa = XCBuildConfiguration;
			buildSettings = {
				ALWAYS_SEARCH_USER_PATHS = NO;
				CLANG_CXX_LANGUAGE_STANDARD = "gnu++0x";
				CLANG_CXX_LIBRARY = "libc++";
				CLANG_ENABLE_MODULES = YES;
				CLANG_ENABLE_OBJC_ARC = YES;
				CLANG_WARN_BOOL_CONVERSION = YES;
				CLANG_WARN_CONSTANT_CONVERSION = YES;
				CLANG_WARN_DIRECT_OBJC_ISA_USAGE = YES_ERROR;
				CLANG_WARN_EMPTY_BODY = YES;
				CLANG_WARN_ENUM_CONVERSION = YES;
				CLANG_WARN_INT_CONVERSION = YES;
				CLANG_WARN_OBJC_ROOT_CLASS = YES_ERROR;
				CLANG_WARN_UNREACHABLE_CODE = YES;
				CLANG_WARN__DUPLICATE_METHOD_MATCH = YES;
				"CODE_SIGN_IDENTITY[sdk=iphoneos*]" = "iPhone Developer";
				COPY_PHASE_STRIP = NO;
				CURRENT_PROJECT_VERSION = 1;
				DEBUG_INFORMATION_FORMAT = "dwarf-with-dsym";
				ENABLE_NS_ASSERTIONS = NO;
				ENABLE_STRICT_OBJC_MSGSEND = YES;
				GCC_C_LANGUAGE_STANDARD = gnu99;
				GCC_NO_COMMON_BLOCKS = YES;
				GCC_WARN_64_TO_32_BIT_CONVERSION = YES;
				GCC_WARN_ABOUT_RETURN_TYPE = YES_ERROR;
				GCC_WARN_UNDECLARED_SELECTOR = YES;
				GCC_WARN_UNINITIALIZED_AUTOS = YES_AGGRESSIVE;
				GCC_WARN_UNUSED_FUNCTION = YES;
				GCC_WARN_UNUSED_VARIABLE = YES;
				IPHONEOS_DEPLOYMENT_TARGET = 9.2;
				MTL_ENABLE_DEBUG_INFO = NO;
				SDKROOT = iphoneos;
				TARGETED_DEVICE_FAMILY = "1,2";
				VALIDATE_PRODUCT = YES;
				VERSIONING_SYSTEM = "apple-generic";
				VERSION_INFO_PREFIX = "";
			};
			name = Release;
		};
		43B518751C7590320060C3AA /* Debug */ = {
			isa = XCBuildConfiguration;
			baseConfigurationReference = 9B72DABE29A24A93A7134361 /* Pods-patchwork.debug.xcconfig */;
			buildSettings = {
				DEFINES_MODULE = YES;
				DYLIB_COMPATIBILITY_VERSION = 1;
				DYLIB_CURRENT_VERSION = 1;
				DYLIB_INSTALL_NAME_BASE = "@rpath";
				INFOPLIST_FILE = patchwork/Info.plist;
				INSTALL_PATH = "$(LOCAL_LIBRARY_DIR)/Frameworks";
				IPHONEOS_DEPLOYMENT_TARGET = 8.0;
				LD_RUNPATH_SEARCH_PATHS = "$(inherited) @executable_path/Frameworks @loader_path/Frameworks";
				PRODUCT_BUNDLE_IDENTIFIER = me.alexlee002.patchwork;
				PRODUCT_NAME = "$(TARGET_NAME)";
				SKIP_INSTALL = YES;
			};
			name = Debug;
		};
		43B518761C7590320060C3AA /* Release */ = {
			isa = XCBuildConfiguration;
			baseConfigurationReference = AC328D3A9D0453068ACA9F3C /* Pods-patchwork.release.xcconfig */;
			buildSettings = {
				DEFINES_MODULE = YES;
				DYLIB_COMPATIBILITY_VERSION = 1;
				DYLIB_CURRENT_VERSION = 1;
				DYLIB_INSTALL_NAME_BASE = "@rpath";
				INFOPLIST_FILE = patchwork/Info.plist;
				INSTALL_PATH = "$(LOCAL_LIBRARY_DIR)/Frameworks";
				IPHONEOS_DEPLOYMENT_TARGET = 8.0;
				LD_RUNPATH_SEARCH_PATHS = "$(inherited) @executable_path/Frameworks @loader_path/Frameworks";
				PRODUCT_BUNDLE_IDENTIFIER = me.alexlee002.patchwork;
				PRODUCT_NAME = "$(TARGET_NAME)";
				SKIP_INSTALL = YES;
			};
			name = Release;
		};
		43B518781C7590320060C3AA /* Debug */ = {
			isa = XCBuildConfiguration;
			baseConfigurationReference = A2F7E30A6DB4A2921D021EAC /* Pods-patchworkTests.debug.xcconfig */;
			buildSettings = {
				INFOPLIST_FILE = patchworkTests/Info.plist;
				LD_RUNPATH_SEARCH_PATHS = "$(inherited) @executable_path/Frameworks @loader_path/Frameworks";
				LIBRARY_SEARCH_PATHS = (
					"$(inherited)",
					"$(PROJECT_DIR)/build/Debug-iphoneos",
				);
				PRODUCT_BUNDLE_IDENTIFIER = me.alexlee002.patchworkTests;
				PRODUCT_NAME = "$(TARGET_NAME)";
			};
			name = Debug;
		};
		43B518791C7590320060C3AA /* Release */ = {
			isa = XCBuildConfiguration;
			baseConfigurationReference = 33DF461A8106AF5033E86B0D /* Pods-patchworkTests.release.xcconfig */;
			buildSettings = {
				INFOPLIST_FILE = patchworkTests/Info.plist;
				LD_RUNPATH_SEARCH_PATHS = "$(inherited) @executable_path/Frameworks @loader_path/Frameworks";
				LIBRARY_SEARCH_PATHS = (
					"$(inherited)",
					"$(PROJECT_DIR)/build/Debug-iphoneos",
				);
				PRODUCT_BUNDLE_IDENTIFIER = me.alexlee002.patchworkTests;
				PRODUCT_NAME = "$(TARGET_NAME)";
			};
			name = Release;
		};
/* End XCBuildConfiguration section */

/* Begin XCConfigurationList section */
		436296AB1C7C693D00EBA718 /* Build configuration list for PBXNativeTarget "patchwork-Demo-iOS" */ = {
			isa = XCConfigurationList;
			buildConfigurations = (
				436296AC1C7C693D00EBA718 /* Debug */,
				436296AD1C7C693D00EBA718 /* Release */,
			);
			defaultConfigurationIsVisible = 0;
			defaultConfigurationName = Release;
		};
		43B5185A1C7590320060C3AA /* Build configuration list for PBXProject "patchwork" */ = {
			isa = XCConfigurationList;
			buildConfigurations = (
				43B518721C7590320060C3AA /* Debug */,
				43B518731C7590320060C3AA /* Release */,
			);
			defaultConfigurationIsVisible = 0;
			defaultConfigurationName = Release;
		};
		43B518741C7590320060C3AA /* Build configuration list for PBXNativeTarget "patchwork" */ = {
			isa = XCConfigurationList;
			buildConfigurations = (
				43B518751C7590320060C3AA /* Debug */,
				43B518761C7590320060C3AA /* Release */,
			);
			defaultConfigurationIsVisible = 0;
			defaultConfigurationName = Release;
		};
		43B518771C7590320060C3AA /* Build configuration list for PBXNativeTarget "patchworkTests" */ = {
			isa = XCConfigurationList;
			buildConfigurations = (
				43B518781C7590320060C3AA /* Debug */,
				43B518791C7590320060C3AA /* Release */,
			);
			defaultConfigurationIsVisible = 0;
			defaultConfigurationName = Release;
		};
/* End XCConfigurationList section */
	};
	rootObject = 43B518571C7590320060C3AA /* Project object */;
}
