// !$*UTF8*$!
{
	archiveVersion = 1;
	classes = {
	};
	objectVersion = 46;
	objects = {

/* Begin PBXBuildFile section */
		35CC199BE018AB4D1539ECE7 /* libPods-patchwork-demo-osx.a in Frameworks */ = {isa = PBXBuildFile; fileRef = 7F7A147BA79957F736D9AE26 /* libPods-patchwork-demo-osx.a */; };
		433194AB1E0398D80001A01E /* ALDatabase.m in Sources */ = {isa = PBXBuildFile; fileRef = 433194461E0398D80001A01E /* ALDatabase.m */; };
		433194AC1E0398D80001A01E /* ALDBColumnInfo.m in Sources */ = {isa = PBXBuildFile; fileRef = 433194481E0398D80001A01E /* ALDBColumnInfo.m */; };
		433194AD1E0398D80001A01E /* ALFMDatabaseQueue.m in Sources */ = {isa = PBXBuildFile; fileRef = 4331944C1E0398D80001A01E /* ALFMDatabaseQueue.m */; };
		433194AE1E0398D80001A01E /* ALSQLClause+SQLFunctions.m in Sources */ = {isa = PBXBuildFile; fileRef = 4331944E1E0398D80001A01E /* ALSQLClause+SQLFunctions.m */; };
		433194AF1E0398D80001A01E /* ALSQLClause+SQLOperation.m in Sources */ = {isa = PBXBuildFile; fileRef = 433194501E0398D80001A01E /* ALSQLClause+SQLOperation.m */; };
		433194B01E0398D80001A01E /* ALSQLClause.m in Sources */ = {isa = PBXBuildFile; fileRef = 433194521E0398D80001A01E /* ALSQLClause.m */; };
		433194B11E0398D80001A01E /* ALSQLDeleteStatement.m in Sources */ = {isa = PBXBuildFile; fileRef = 433194551E0398D80001A01E /* ALSQLDeleteStatement.m */; };
		433194B21E0398D80001A01E /* ALSQLInsertStatement.m in Sources */ = {isa = PBXBuildFile; fileRef = 433194571E0398D80001A01E /* ALSQLInsertStatement.m */; };
		433194B31E0398D80001A01E /* ALSQLSelectStatement.m in Sources */ = {isa = PBXBuildFile; fileRef = 433194591E0398D80001A01E /* ALSQLSelectStatement.m */; };
		433194B41E0398D80001A01E /* ALSQLStatement.m in Sources */ = {isa = PBXBuildFile; fileRef = 4331945B1E0398D80001A01E /* ALSQLStatement.m */; };
		433194B51E0398D80001A01E /* ALSQLUpdateStatement.m in Sources */ = {isa = PBXBuildFile; fileRef = 4331945E1E0398D80001A01E /* ALSQLUpdateStatement.m */; };
		433194B61E0398D80001A01E /* BlocksKitExtension.m in Sources */ = {isa = PBXBuildFile; fileRef = 433194611E0398D80001A01E /* BlocksKitExtension.m */; };
		433194B71E0398D80001A01E /* NSArray+ArrayExtensions.m in Sources */ = {isa = PBXBuildFile; fileRef = 433194631E0398D80001A01E /* NSArray+ArrayExtensions.m */; };
		433194B81E0398D80001A01E /* NSBundle+BundleInfo.m in Sources */ = {isa = PBXBuildFile; fileRef = 433194651E0398D80001A01E /* NSBundle+BundleInfo.m */; };
		433194B91E0398D80001A01E /* NSCache+ALExtensions.m in Sources */ = {isa = PBXBuildFile; fileRef = 433194671E0398D80001A01E /* NSCache+ALExtensions.m */; };
		433194BA1E0398D80001A01E /* NSDate+ALExtensions.m in Sources */ = {isa = PBXBuildFile; fileRef = 433194691E0398D80001A01E /* NSDate+ALExtensions.m */; };
		433194BB1E0398D80001A01E /* NSString+Helper.m in Sources */ = {isa = PBXBuildFile; fileRef = 4331946B1E0398D80001A01E /* NSString+Helper.m */; };
		433194BC1E0398D80001A01E /* URLHelper.m in Sources */ = {isa = PBXBuildFile; fileRef = 4331946D1E0398D80001A01E /* URLHelper.m */; };
		433194BD1E0398D80001A01E /* ALAssociatedWeakObject.m in Sources */ = {isa = PBXBuildFile; fileRef = 433194701E0398D80001A01E /* ALAssociatedWeakObject.m */; };
		433194BE1E0398D80001A01E /* ALDevice.m in Sources */ = {isa = PBXBuildFile; fileRef = 433194721E0398D80001A01E /* ALDevice.m */; };
		433194BF1E0398D80001A01E /* ALLock.m in Sources */ = {isa = PBXBuildFile; fileRef = 433194741E0398D80001A01E /* ALLock.m */; };
		433194C01E0398D80001A01E /* ALLogger.m in Sources */ = {isa = PBXBuildFile; fileRef = 433194761E0398D80001A01E /* ALLogger.m */; };
		433194C11E0398D80001A01E /* ALOCRuntime.m in Sources */ = {isa = PBXBuildFile; fileRef = 433194781E0398D80001A01E /* ALOCRuntime.m */; };
		433194C21E0398D80001A01E /* ALOrderedMap.m in Sources */ = {isa = PBXBuildFile; fileRef = 4331947A1E0398D80001A01E /* ALOrderedMap.m */; };
		433194C31E0398D80001A01E /* ALStringInflector.m in Sources */ = {isa = PBXBuildFile; fileRef = 4331947C1E0398D80001A01E /* ALStringInflector.m */; };
		433194C41E0398D80001A01E /* Base64.m in Sources */ = {isa = PBXBuildFile; fileRef = 4331947E1E0398D80001A01E /* Base64.m */; };
		433194C51E0398D80001A01E /* CRC.m in Sources */ = {isa = PBXBuildFile; fileRef = 433194801E0398D80001A01E /* CRC.m */; };
		433194C61E0398D80001A01E /* DES.m in Sources */ = {isa = PBXBuildFile; fileRef = 433194821E0398D80001A01E /* DES.m */; };
		433194C71E0398D80001A01E /* HHTimer.m in Sources */ = {isa = PBXBuildFile; fileRef = 433194841E0398D80001A01E /* HHTimer.m */; };
		433194C81E0398D80001A01E /* MD5.m in Sources */ = {isa = PBXBuildFile; fileRef = 433194861E0398D80001A01E /* MD5.m */; };
		433194C91E0398D80001A01E /* NSObject+JSONTransform.m in Sources */ = {isa = PBXBuildFile; fileRef = 433194881E0398D80001A01E /* NSObject+JSONTransform.m */; };
		433194CA1E0398D80001A01E /* RC4.m in Sources */ = {isa = PBXBuildFile; fileRef = 4331948A1E0398D80001A01E /* RC4.m */; };
		433194CB1E0398D80001A01E /* SafeBlocksChain.m in Sources */ = {isa = PBXBuildFile; fileRef = 4331948C1E0398D80001A01E /* SafeBlocksChain.m */; };
		433194CC1E0398D80001A01E /* SHA1.m in Sources */ = {isa = PBXBuildFile; fileRef = 4331948E1E0398D80001A01E /* SHA1.m */; };
		433194CD1E0398D80001A01E /* Info.plist in Resources */ = {isa = PBXBuildFile; fileRef = 433194911E0398D80001A01E /* Info.plist */; };
		433194CE1E0398D80001A01E /* ALModel+ActiveRecord.m in Sources */ = {isa = PBXBuildFile; fileRef = 433194951E0398D80001A01E /* ALModel+ActiveRecord.m */; };
		433194CF1E0398D80001A01E /* ALModel+ActiveRecord_private.m in Sources */ = {isa = PBXBuildFile; fileRef = 433194971E0398D80001A01E /* ALModel+ActiveRecord_private.m */; };
		433194D01E0398D80001A01E /* ALModel+JSON.m in Sources */ = {isa = PBXBuildFile; fileRef = 433194991E0398D80001A01E /* ALModel+JSON.m */; };
		433194D11E0398D80001A01E /* ALModel_Define.m in Sources */ = {isa = PBXBuildFile; fileRef = 4331949C1E0398D80001A01E /* ALModel_Define.m */; };
		433194D21E0398D80001A01E /* ALHTTPRequest+Helper.m in Sources */ = {isa = PBXBuildFile; fileRef = 4331949F1E0398D80001A01E /* ALHTTPRequest+Helper.m */; };
		433194D31E0398D80001A01E /* ALHTTPRequest.m in Sources */ = {isa = PBXBuildFile; fileRef = 433194A11E0398D80001A01E /* ALHTTPRequest.m */; };
		433194D41E0398D80001A01E /* ALHTTPResponse.m in Sources */ = {isa = PBXBuildFile; fileRef = 433194A31E0398D80001A01E /* ALHTTPResponse.m */; };
		433194D51E0398D80001A01E /* ASIHTTPRequestQueueAdaptor.m in Sources */ = {isa = PBXBuildFile; fileRef = 433194A71E0398D80001A01E /* ASIHTTPRequestQueueAdaptor.m */; };
		433194D61E0398D80001A01E /* NSURLSessionAdaptor.m in Sources */ = {isa = PBXBuildFile; fileRef = 433194A91E0398D80001A01E /* NSURLSessionAdaptor.m */; };
		AF5218171DACD7330072FA26 /* AppDelegate.m in Sources */ = {isa = PBXBuildFile; fileRef = AF5218161DACD7330072FA26 /* AppDelegate.m */; };
		AF52181A1DACD7330072FA26 /* main.m in Sources */ = {isa = PBXBuildFile; fileRef = AF5218191DACD7330072FA26 /* main.m */; };
		AF52181C1DACD7330072FA26 /* Assets.xcassets in Resources */ = {isa = PBXBuildFile; fileRef = AF52181B1DACD7330072FA26 /* Assets.xcassets */; };
		AF52181F1DACD7330072FA26 /* MainMenu.xib in Resources */ = {isa = PBXBuildFile; fileRef = AF52181D1DACD7330072FA26 /* MainMenu.xib */; };
/* End PBXBuildFile section */

/* Begin PBXFileReference section */
		433194451E0398D80001A01E /* ALDatabase.h */ = {isa = PBXFileReference; fileEncoding = 4; lastKnownFileType = sourcecode.c.h; path = ALDatabase.h; sourceTree = "<group>"; };
		433194461E0398D80001A01E /* ALDatabase.m */ = {isa = PBXFileReference; fileEncoding = 4; lastKnownFileType = sourcecode.c.objc; path = ALDatabase.m; sourceTree = "<group>"; xcLanguageSpecificationIdentifier = xcode.lang.objc; };
		433194471E0398D80001A01E /* ALDBColumnInfo.h */ = {isa = PBXFileReference; fileEncoding = 4; lastKnownFileType = sourcecode.c.h; path = ALDBColumnInfo.h; sourceTree = "<group>"; };
		433194481E0398D80001A01E /* ALDBColumnInfo.m */ = {isa = PBXFileReference; fileEncoding = 4; lastKnownFileType = sourcecode.c.objc; path = ALDBColumnInfo.m; sourceTree = "<group>"; };
		433194491E0398D80001A01E /* ALDBConnectionProtocol.h */ = {isa = PBXFileReference; fileEncoding = 4; lastKnownFileType = sourcecode.c.h; path = ALDBConnectionProtocol.h; sourceTree = "<group>"; };
		4331944A1E0398D80001A01E /* ALDBMigrationProtocol.h */ = {isa = PBXFileReference; fileEncoding = 4; lastKnownFileType = sourcecode.c.h; path = ALDBMigrationProtocol.h; sourceTree = "<group>"; };
		4331944B1E0398D80001A01E /* ALFMDatabaseQueue.h */ = {isa = PBXFileReference; fileEncoding = 4; lastKnownFileType = sourcecode.c.h; path = ALFMDatabaseQueue.h; sourceTree = "<group>"; };
		4331944C1E0398D80001A01E /* ALFMDatabaseQueue.m */ = {isa = PBXFileReference; fileEncoding = 4; lastKnownFileType = sourcecode.c.objc; path = ALFMDatabaseQueue.m; sourceTree = "<group>"; };
		4331944D1E0398D80001A01E /* ALSQLClause+SQLFunctions.h */ = {isa = PBXFileReference; fileEncoding = 4; lastKnownFileType = sourcecode.c.h; path = "ALSQLClause+SQLFunctions.h"; sourceTree = "<group>"; };
		4331944E1E0398D80001A01E /* ALSQLClause+SQLFunctions.m */ = {isa = PBXFileReference; fileEncoding = 4; lastKnownFileType = sourcecode.c.objc; path = "ALSQLClause+SQLFunctions.m"; sourceTree = "<group>"; };
		4331944F1E0398D80001A01E /* ALSQLClause+SQLOperation.h */ = {isa = PBXFileReference; fileEncoding = 4; lastKnownFileType = sourcecode.c.h; path = "ALSQLClause+SQLOperation.h"; sourceTree = "<group>"; };
		433194501E0398D80001A01E /* ALSQLClause+SQLOperation.m */ = {isa = PBXFileReference; fileEncoding = 4; lastKnownFileType = sourcecode.c.objc; path = "ALSQLClause+SQLOperation.m"; sourceTree = "<group>"; xcLanguageSpecificationIdentifier = xcode.lang.objc; };
		433194511E0398D80001A01E /* ALSQLClause.h */ = {isa = PBXFileReference; fileEncoding = 4; lastKnownFileType = sourcecode.c.h; path = ALSQLClause.h; sourceTree = "<group>"; };
		433194521E0398D80001A01E /* ALSQLClause.m */ = {isa = PBXFileReference; fileEncoding = 4; lastKnownFileType = sourcecode.c.objc; path = ALSQLClause.m; sourceTree = "<group>"; };
		433194541E0398D80001A01E /* ALSQLDeleteStatement.h */ = {isa = PBXFileReference; fileEncoding = 4; lastKnownFileType = sourcecode.c.h; path = ALSQLDeleteStatement.h; sourceTree = "<group>"; };
		433194551E0398D80001A01E /* ALSQLDeleteStatement.m */ = {isa = PBXFileReference; fileEncoding = 4; lastKnownFileType = sourcecode.c.objc; path = ALSQLDeleteStatement.m; sourceTree = "<group>"; };
		433194561E0398D80001A01E /* ALSQLInsertStatement.h */ = {isa = PBXFileReference; fileEncoding = 4; lastKnownFileType = sourcecode.c.h; path = ALSQLInsertStatement.h; sourceTree = "<group>"; };
		433194571E0398D80001A01E /* ALSQLInsertStatement.m */ = {isa = PBXFileReference; fileEncoding = 4; lastKnownFileType = sourcecode.c.objc; path = ALSQLInsertStatement.m; sourceTree = "<group>"; };
		433194581E0398D80001A01E /* ALSQLSelectStatement.h */ = {isa = PBXFileReference; fileEncoding = 4; lastKnownFileType = sourcecode.c.h; path = ALSQLSelectStatement.h; sourceTree = "<group>"; };
		433194591E0398D80001A01E /* ALSQLSelectStatement.m */ = {isa = PBXFileReference; fileEncoding = 4; lastKnownFileType = sourcecode.c.objc; path = ALSQLSelectStatement.m; sourceTree = "<group>"; };
		4331945A1E0398D80001A01E /* ALSQLStatement.h */ = {isa = PBXFileReference; fileEncoding = 4; lastKnownFileType = sourcecode.c.h; path = ALSQLStatement.h; sourceTree = "<group>"; };
		4331945B1E0398D80001A01E /* ALSQLStatement.m */ = {isa = PBXFileReference; fileEncoding = 4; lastKnownFileType = sourcecode.c.objc; path = ALSQLStatement.m; sourceTree = "<group>"; };
		4331945C1E0398D80001A01E /* ALSQLStatementHelpers.h */ = {isa = PBXFileReference; fileEncoding = 4; lastKnownFileType = sourcecode.c.h; path = ALSQLStatementHelpers.h; sourceTree = "<group>"; };
		4331945D1E0398D80001A01E /* ALSQLUpdateStatement.h */ = {isa = PBXFileReference; fileEncoding = 4; lastKnownFileType = sourcecode.c.h; path = ALSQLUpdateStatement.h; sourceTree = "<group>"; };
		4331945E1E0398D80001A01E /* ALSQLUpdateStatement.m */ = {isa = PBXFileReference; fileEncoding = 4; lastKnownFileType = sourcecode.c.objc; path = ALSQLUpdateStatement.m; sourceTree = "<group>"; };
		433194601E0398D80001A01E /* BlocksKitExtension.h */ = {isa = PBXFileReference; fileEncoding = 4; lastKnownFileType = sourcecode.c.h; path = BlocksKitExtension.h; sourceTree = "<group>"; };
		433194611E0398D80001A01E /* BlocksKitExtension.m */ = {isa = PBXFileReference; fileEncoding = 4; lastKnownFileType = sourcecode.c.objc; path = BlocksKitExtension.m; sourceTree = "<group>"; };
		433194621E0398D80001A01E /* NSArray+ArrayExtensions.h */ = {isa = PBXFileReference; fileEncoding = 4; lastKnownFileType = sourcecode.c.h; path = "NSArray+ArrayExtensions.h"; sourceTree = "<group>"; };
		433194631E0398D80001A01E /* NSArray+ArrayExtensions.m */ = {isa = PBXFileReference; fileEncoding = 4; lastKnownFileType = sourcecode.c.objc; path = "NSArray+ArrayExtensions.m"; sourceTree = "<group>"; };
		433194641E0398D80001A01E /* NSBundle+BundleInfo.h */ = {isa = PBXFileReference; fileEncoding = 4; lastKnownFileType = sourcecode.c.h; path = "NSBundle+BundleInfo.h"; sourceTree = "<group>"; };
		433194651E0398D80001A01E /* NSBundle+BundleInfo.m */ = {isa = PBXFileReference; fileEncoding = 4; lastKnownFileType = sourcecode.c.objc; path = "NSBundle+BundleInfo.m"; sourceTree = "<group>"; };
		433194661E0398D80001A01E /* NSCache+ALExtensions.h */ = {isa = PBXFileReference; fileEncoding = 4; lastKnownFileType = sourcecode.c.h; path = "NSCache+ALExtensions.h"; sourceTree = "<group>"; };
		433194671E0398D80001A01E /* NSCache+ALExtensions.m */ = {isa = PBXFileReference; fileEncoding = 4; lastKnownFileType = sourcecode.c.objc; path = "NSCache+ALExtensions.m"; sourceTree = "<group>"; };
		433194681E0398D80001A01E /* NSDate+ALExtensions.h */ = {isa = PBXFileReference; fileEncoding = 4; lastKnownFileType = sourcecode.c.h; path = "NSDate+ALExtensions.h"; sourceTree = "<group>"; };
		433194691E0398D80001A01E /* NSDate+ALExtensions.m */ = {isa = PBXFileReference; fileEncoding = 4; lastKnownFileType = sourcecode.c.objc; path = "NSDate+ALExtensions.m"; sourceTree = "<group>"; };
		4331946A1E0398D80001A01E /* NSString+Helper.h */ = {isa = PBXFileReference; fileEncoding = 4; lastKnownFileType = sourcecode.c.h; path = "NSString+Helper.h"; sourceTree = "<group>"; };
		4331946B1E0398D80001A01E /* NSString+Helper.m */ = {isa = PBXFileReference; fileEncoding = 4; lastKnownFileType = sourcecode.c.objc; path = "NSString+Helper.m"; sourceTree = "<group>"; };
		4331946C1E0398D80001A01E /* URLHelper.h */ = {isa = PBXFileReference; fileEncoding = 4; lastKnownFileType = sourcecode.c.h; path = URLHelper.h; sourceTree = "<group>"; };
		4331946D1E0398D80001A01E /* URLHelper.m */ = {isa = PBXFileReference; fileEncoding = 4; lastKnownFileType = sourcecode.c.objc; path = URLHelper.m; sourceTree = "<group>"; xcLanguageSpecificationIdentifier = xcode.lang.objc; };
		4331946F1E0398D80001A01E /* ALAssociatedWeakObject.h */ = {isa = PBXFileReference; fileEncoding = 4; lastKnownFileType = sourcecode.c.h; path = ALAssociatedWeakObject.h; sourceTree = "<group>"; };
		433194701E0398D80001A01E /* ALAssociatedWeakObject.m */ = {isa = PBXFileReference; fileEncoding = 4; lastKnownFileType = sourcecode.c.objc; path = ALAssociatedWeakObject.m; sourceTree = "<group>"; };
		433194711E0398D80001A01E /* ALDevice.h */ = {isa = PBXFileReference; fileEncoding = 4; lastKnownFileType = sourcecode.c.h; path = ALDevice.h; sourceTree = "<group>"; };
		433194721E0398D80001A01E /* ALDevice.m */ = {isa = PBXFileReference; fileEncoding = 4; lastKnownFileType = sourcecode.c.objc; path = ALDevice.m; sourceTree = "<group>"; };
		433194731E0398D80001A01E /* ALLock.h */ = {isa = PBXFileReference; fileEncoding = 4; lastKnownFileType = sourcecode.c.h; path = ALLock.h; sourceTree = "<group>"; };
		433194741E0398D80001A01E /* ALLock.m */ = {isa = PBXFileReference; fileEncoding = 4; lastKnownFileType = sourcecode.c.objc; path = ALLock.m; sourceTree = "<group>"; };
		433194751E0398D80001A01E /* ALLogger.h */ = {isa = PBXFileReference; fileEncoding = 4; lastKnownFileType = sourcecode.c.h; path = ALLogger.h; sourceTree = "<group>"; };
		433194761E0398D80001A01E /* ALLogger.m */ = {isa = PBXFileReference; fileEncoding = 4; lastKnownFileType = sourcecode.c.objc; path = ALLogger.m; sourceTree = "<group>"; };
		433194771E0398D80001A01E /* ALOCRuntime.h */ = {isa = PBXFileReference; fileEncoding = 4; lastKnownFileType = sourcecode.c.h; path = ALOCRuntime.h; sourceTree = "<group>"; };
		433194781E0398D80001A01E /* ALOCRuntime.m */ = {isa = PBXFileReference; fileEncoding = 4; lastKnownFileType = sourcecode.c.objc; path = ALOCRuntime.m; sourceTree = "<group>"; xcLanguageSpecificationIdentifier = xcode.lang.objc; };
		433194791E0398D80001A01E /* ALOrderedMap.h */ = {isa = PBXFileReference; fileEncoding = 4; lastKnownFileType = sourcecode.c.h; path = ALOrderedMap.h; sourceTree = "<group>"; };
		4331947A1E0398D80001A01E /* ALOrderedMap.m */ = {isa = PBXFileReference; fileEncoding = 4; lastKnownFileType = sourcecode.c.objc; path = ALOrderedMap.m; sourceTree = "<group>"; };
		4331947B1E0398D80001A01E /* ALStringInflector.h */ = {isa = PBXFileReference; fileEncoding = 4; lastKnownFileType = sourcecode.c.h; path = ALStringInflector.h; sourceTree = "<group>"; };
		4331947C1E0398D80001A01E /* ALStringInflector.m */ = {isa = PBXFileReference; fileEncoding = 4; lastKnownFileType = sourcecode.c.objc; path = ALStringInflector.m; sourceTree = "<group>"; };
		4331947D1E0398D80001A01E /* Base64.h */ = {isa = PBXFileReference; fileEncoding = 4; lastKnownFileType = sourcecode.c.h; path = Base64.h; sourceTree = "<group>"; };
		4331947E1E0398D80001A01E /* Base64.m */ = {isa = PBXFileReference; fileEncoding = 4; lastKnownFileType = sourcecode.c.objc; path = Base64.m; sourceTree = "<group>"; };
		4331947F1E0398D80001A01E /* CRC.h */ = {isa = PBXFileReference; fileEncoding = 4; lastKnownFileType = sourcecode.c.h; path = CRC.h; sourceTree = "<group>"; };
		433194801E0398D80001A01E /* CRC.m */ = {isa = PBXFileReference; fileEncoding = 4; lastKnownFileType = sourcecode.c.objc; path = CRC.m; sourceTree = "<group>"; };
		433194811E0398D80001A01E /* DES.h */ = {isa = PBXFileReference; fileEncoding = 4; lastKnownFileType = sourcecode.c.h; path = DES.h; sourceTree = "<group>"; };
		433194821E0398D80001A01E /* DES.m */ = {isa = PBXFileReference; fileEncoding = 4; lastKnownFileType = sourcecode.c.objc; path = DES.m; sourceTree = "<group>"; };
		433194831E0398D80001A01E /* HHTimer.h */ = {isa = PBXFileReference; fileEncoding = 4; lastKnownFileType = sourcecode.c.h; path = HHTimer.h; sourceTree = "<group>"; };
		433194841E0398D80001A01E /* HHTimer.m */ = {isa = PBXFileReference; fileEncoding = 4; lastKnownFileType = sourcecode.c.objc; path = HHTimer.m; sourceTree = "<group>"; };
		433194851E0398D80001A01E /* MD5.h */ = {isa = PBXFileReference; fileEncoding = 4; lastKnownFileType = sourcecode.c.h; path = MD5.h; sourceTree = "<group>"; };
		433194861E0398D80001A01E /* MD5.m */ = {isa = PBXFileReference; fileEncoding = 4; lastKnownFileType = sourcecode.c.objc; path = MD5.m; sourceTree = "<group>"; };
		433194871E0398D80001A01E /* NSObject+JSONTransform.h */ = {isa = PBXFileReference; fileEncoding = 4; lastKnownFileType = sourcecode.c.h; path = "NSObject+JSONTransform.h"; sourceTree = "<group>"; };
		433194881E0398D80001A01E /* NSObject+JSONTransform.m */ = {isa = PBXFileReference; fileEncoding = 4; lastKnownFileType = sourcecode.c.objc; path = "NSObject+JSONTransform.m"; sourceTree = "<group>"; };
		433194891E0398D80001A01E /* RC4.h */ = {isa = PBXFileReference; fileEncoding = 4; lastKnownFileType = sourcecode.c.h; path = RC4.h; sourceTree = "<group>"; };
		4331948A1E0398D80001A01E /* RC4.m */ = {isa = PBXFileReference; fileEncoding = 4; lastKnownFileType = sourcecode.c.objc; path = RC4.m; sourceTree = "<group>"; xcLanguageSpecificationIdentifier = xcode.lang.objc; };
		4331948B1E0398D80001A01E /* SafeBlocksChain.h */ = {isa = PBXFileReference; fileEncoding = 4; lastKnownFileType = sourcecode.c.h; path = SafeBlocksChain.h; sourceTree = "<group>"; };
		4331948C1E0398D80001A01E /* SafeBlocksChain.m */ = {isa = PBXFileReference; fileEncoding = 4; lastKnownFileType = sourcecode.c.objc; path = SafeBlocksChain.m; sourceTree = "<group>"; };
		4331948D1E0398D80001A01E /* SHA1.h */ = {isa = PBXFileReference; fileEncoding = 4; lastKnownFileType = sourcecode.c.h; path = SHA1.h; sourceTree = "<group>"; };
		4331948E1E0398D80001A01E /* SHA1.m */ = {isa = PBXFileReference; fileEncoding = 4; lastKnownFileType = sourcecode.c.objc; path = SHA1.m; sourceTree = "<group>"; };
		4331948F1E0398D80001A01E /* Singleton_Template.h */ = {isa = PBXFileReference; fileEncoding = 4; lastKnownFileType = sourcecode.c.h; path = Singleton_Template.h; sourceTree = "<group>"; };
		433194901E0398D80001A01E /* UtilitiesHeader.h */ = {isa = PBXFileReference; fileEncoding = 4; lastKnownFileType = sourcecode.c.h; path = UtilitiesHeader.h; sourceTree = "<group>"; };
		433194911E0398D80001A01E /* Info.plist */ = {isa = PBXFileReference; fileEncoding = 4; lastKnownFileType = text.plist.xml; path = Info.plist; sourceTree = "<group>"; };
		433194931E0398D80001A01E /* ActiveRecordAdditions.h */ = {isa = PBXFileReference; fileEncoding = 4; lastKnownFileType = sourcecode.c.h; path = ActiveRecordAdditions.h; sourceTree = "<group>"; };
		433194941E0398D80001A01E /* ALModel+ActiveRecord.h */ = {isa = PBXFileReference; fileEncoding = 4; lastKnownFileType = sourcecode.c.h; path = "ALModel+ActiveRecord.h"; sourceTree = "<group>"; };
		433194951E0398D80001A01E /* ALModel+ActiveRecord.m */ = {isa = PBXFileReference; fileEncoding = 4; lastKnownFileType = sourcecode.c.objc; path = "ALModel+ActiveRecord.m"; sourceTree = "<group>"; xcLanguageSpecificationIdentifier = xcode.lang.objc; };
		433194961E0398D80001A01E /* ALModel+ActiveRecord_private.h */ = {isa = PBXFileReference; fileEncoding = 4; lastKnownFileType = sourcecode.c.h; path = "ALModel+ActiveRecord_private.h"; sourceTree = "<group>"; };
		433194971E0398D80001A01E /* ALModel+ActiveRecord_private.m */ = {isa = PBXFileReference; fileEncoding = 4; lastKnownFileType = sourcecode.c.objc; path = "ALModel+ActiveRecord_private.m"; sourceTree = "<group>"; };
		433194981E0398D80001A01E /* ALModel+JSON.h */ = {isa = PBXFileReference; fileEncoding = 4; lastKnownFileType = sourcecode.c.h; path = "ALModel+JSON.h"; sourceTree = "<group>"; };
		433194991E0398D80001A01E /* ALModel+JSON.m */ = {isa = PBXFileReference; fileEncoding = 4; lastKnownFileType = sourcecode.c.objc; path = "ALModel+JSON.m"; sourceTree = "<group>"; };
		4331949A1E0398D80001A01E /* ALModel.h */ = {isa = PBXFileReference; fileEncoding = 4; lastKnownFileType = sourcecode.c.h; path = ALModel.h; sourceTree = "<group>"; };
		4331949B1E0398D80001A01E /* ALModel_Define.h */ = {isa = PBXFileReference; fileEncoding = 4; lastKnownFileType = sourcecode.c.h; path = ALModel_Define.h; sourceTree = "<group>"; };
		4331949C1E0398D80001A01E /* ALModel_Define.m */ = {isa = PBXFileReference; fileEncoding = 4; lastKnownFileType = sourcecode.c.objc; path = ALModel_Define.m; sourceTree = "<group>"; xcLanguageSpecificationIdentifier = xcode.lang.objc; };
		4331949E1E0398D80001A01E /* ALHTTPRequest+Helper.h */ = {isa = PBXFileReference; fileEncoding = 4; lastKnownFileType = sourcecode.c.h; path = "ALHTTPRequest+Helper.h"; sourceTree = "<group>"; };
		4331949F1E0398D80001A01E /* ALHTTPRequest+Helper.m */ = {isa = PBXFileReference; fileEncoding = 4; lastKnownFileType = sourcecode.c.objc; path = "ALHTTPRequest+Helper.m"; sourceTree = "<group>"; };
		433194A01E0398D80001A01E /* ALHTTPRequest.h */ = {isa = PBXFileReference; fileEncoding = 4; lastKnownFileType = sourcecode.c.h; path = ALHTTPRequest.h; sourceTree = "<group>"; };
		433194A11E0398D80001A01E /* ALHTTPRequest.m */ = {isa = PBXFileReference; fileEncoding = 4; lastKnownFileType = sourcecode.c.objc; path = ALHTTPRequest.m; sourceTree = "<group>"; };
		433194A21E0398D80001A01E /* ALHTTPResponse.h */ = {isa = PBXFileReference; fileEncoding = 4; lastKnownFileType = sourcecode.c.h; path = ALHTTPResponse.h; sourceTree = "<group>"; };
		433194A31E0398D80001A01E /* ALHTTPResponse.m */ = {isa = PBXFileReference; fileEncoding = 4; lastKnownFileType = sourcecode.c.objc; path = ALHTTPResponse.m; sourceTree = "<group>"; };
		433194A41E0398D80001A01E /* ALNetwork_config.h */ = {isa = PBXFileReference; fileEncoding = 4; lastKnownFileType = sourcecode.c.h; path = ALNetwork_config.h; sourceTree = "<group>"; };
		433194A51E0398D80001A01E /* ALURLRequestQueueAdaptorProtocol.h */ = {isa = PBXFileReference; fileEncoding = 4; lastKnownFileType = sourcecode.c.h; path = ALURLRequestQueueAdaptorProtocol.h; sourceTree = "<group>"; };
		433194A61E0398D80001A01E /* ASIHTTPRequestQueueAdaptor.h */ = {isa = PBXFileReference; fileEncoding = 4; lastKnownFileType = sourcecode.c.h; path = ASIHTTPRequestQueueAdaptor.h; sourceTree = "<group>"; };
		433194A71E0398D80001A01E /* ASIHTTPRequestQueueAdaptor.m */ = {isa = PBXFileReference; fileEncoding = 4; lastKnownFileType = sourcecode.c.objc; path = ASIHTTPRequestQueueAdaptor.m; sourceTree = "<group>"; };
		433194A81E0398D80001A01E /* NSURLSessionAdaptor.h */ = {isa = PBXFileReference; fileEncoding = 4; lastKnownFileType = sourcecode.c.h; path = NSURLSessionAdaptor.h; sourceTree = "<group>"; };
		433194A91E0398D80001A01E /* NSURLSessionAdaptor.m */ = {isa = PBXFileReference; fileEncoding = 4; lastKnownFileType = sourcecode.c.objc; path = NSURLSessionAdaptor.m; sourceTree = "<group>"; };
		433194AA1E0398D80001A01E /* patchwork.h */ = {isa = PBXFileReference; fileEncoding = 4; lastKnownFileType = sourcecode.c.h; path = patchwork.h; sourceTree = "<group>"; };
		7F7A147BA79957F736D9AE26 /* libPods-patchwork-demo-osx.a */ = {isa = PBXFileReference; explicitFileType = archive.ar; includeInIndex = 0; path = "libPods-patchwork-demo-osx.a"; sourceTree = BUILT_PRODUCTS_DIR; };
		A162AE812617ACF4074EEE34 /* Pods-patchwork-demo-osx.debug.xcconfig */ = {isa = PBXFileReference; includeInIndex = 1; lastKnownFileType = text.xcconfig; name = "Pods-patchwork-demo-osx.debug.xcconfig"; path = "../../Pods/Target Support Files/Pods-patchwork-demo-osx/Pods-patchwork-demo-osx.debug.xcconfig"; sourceTree = "<group>"; };
		AF5218121DACD7330072FA26 /* patchwork-demo-osx.app */ = {isa = PBXFileReference; explicitFileType = wrapper.application; includeInIndex = 0; path = "patchwork-demo-osx.app"; sourceTree = BUILT_PRODUCTS_DIR; };
		AF5218151DACD7330072FA26 /* AppDelegate.h */ = {isa = PBXFileReference; lastKnownFileType = sourcecode.c.h; path = AppDelegate.h; sourceTree = "<group>"; };
		AF5218161DACD7330072FA26 /* AppDelegate.m */ = {isa = PBXFileReference; lastKnownFileType = sourcecode.c.objc; path = AppDelegate.m; sourceTree = "<group>"; };
		AF5218191DACD7330072FA26 /* main.m */ = {isa = PBXFileReference; lastKnownFileType = sourcecode.c.objc; path = main.m; sourceTree = "<group>"; };
		AF52181B1DACD7330072FA26 /* Assets.xcassets */ = {isa = PBXFileReference; lastKnownFileType = folder.assetcatalog; path = Assets.xcassets; sourceTree = "<group>"; };
		AF52181E1DACD7330072FA26 /* Base */ = {isa = PBXFileReference; lastKnownFileType = file.xib; name = Base; path = Base.lproj/MainMenu.xib; sourceTree = "<group>"; };
		AF5218201DACD7330072FA26 /* Info.plist */ = {isa = PBXFileReference; lastKnownFileType = text.plist.xml; path = Info.plist; sourceTree = "<group>"; };
		D14FB0C6AA59D4C698F6F07E /* Pods-patchwork-demo-osx.release.xcconfig */ = {isa = PBXFileReference; includeInIndex = 1; lastKnownFileType = text.xcconfig; name = "Pods-patchwork-demo-osx.release.xcconfig"; path = "../../Pods/Target Support Files/Pods-patchwork-demo-osx/Pods-patchwork-demo-osx.release.xcconfig"; sourceTree = "<group>"; };
/* End PBXFileReference section */

/* Begin PBXFrameworksBuildPhase section */
		AF52180F1DACD7330072FA26 /* Frameworks */ = {
			isa = PBXFrameworksBuildPhase;
			buildActionMask = 2147483647;
			files = (
				35CC199BE018AB4D1539ECE7 /* libPods-patchwork-demo-osx.a in Frameworks */,
			);
			runOnlyForDeploymentPostprocessing = 0;
		};
/* End PBXFrameworksBuildPhase section */

/* Begin PBXGroup section */
		433194431E0398D80001A01E /* patchwork */ = {
			isa = PBXGroup;
			children = (
				433194441E0398D80001A01E /* Database */,
				4331945F1E0398D80001A01E /* Extensions */,
				4331946E1E0398D80001A01E /* Foundations */,
				433194911E0398D80001A01E /* Info.plist */,
				433194921E0398D80001A01E /* Model */,
				4331949D1E0398D80001A01E /* NetworkAdaptor */,
				433194AA1E0398D80001A01E /* patchwork.h */,
			);
			name = patchwork;
			path = ../../patchwork;
			sourceTree = "<group>";
		};
		433194441E0398D80001A01E /* Database */ = {
			isa = PBXGroup;
			children = (
				433194451E0398D80001A01E /* ALDatabase.h */,
				433194461E0398D80001A01E /* ALDatabase.m */,
				433194471E0398D80001A01E /* ALDBColumnInfo.h */,
				433194481E0398D80001A01E /* ALDBColumnInfo.m */,
				433194491E0398D80001A01E /* ALDBConnectionProtocol.h */,
				4331944A1E0398D80001A01E /* ALDBMigrationProtocol.h */,
				4331944B1E0398D80001A01E /* ALFMDatabaseQueue.h */,
				4331944C1E0398D80001A01E /* ALFMDatabaseQueue.m */,
				4331944D1E0398D80001A01E /* ALSQLClause+SQLFunctions.h */,
				4331944E1E0398D80001A01E /* ALSQLClause+SQLFunctions.m */,
				4331944F1E0398D80001A01E /* ALSQLClause+SQLOperation.h */,
				433194501E0398D80001A01E /* ALSQLClause+SQLOperation.m */,
				433194511E0398D80001A01E /* ALSQLClause.h */,
				433194521E0398D80001A01E /* ALSQLClause.m */,
				433194531E0398D80001A01E /* SqlCommands */,
			);
			path = Database;
			sourceTree = "<group>";
		};
		433194531E0398D80001A01E /* SqlCommands */ = {
			isa = PBXGroup;
			children = (
				433194541E0398D80001A01E /* ALSQLDeleteStatement.h */,
				433194551E0398D80001A01E /* ALSQLDeleteStatement.m */,
				433194561E0398D80001A01E /* ALSQLInsertStatement.h */,
				433194571E0398D80001A01E /* ALSQLInsertStatement.m */,
				433194581E0398D80001A01E /* ALSQLSelectStatement.h */,
				433194591E0398D80001A01E /* ALSQLSelectStatement.m */,
				4331945A1E0398D80001A01E /* ALSQLStatement.h */,
				4331945B1E0398D80001A01E /* ALSQLStatement.m */,
				4331945C1E0398D80001A01E /* ALSQLStatementHelpers.h */,
				4331945D1E0398D80001A01E /* ALSQLUpdateStatement.h */,
				4331945E1E0398D80001A01E /* ALSQLUpdateStatement.m */,
			);
			path = SqlCommands;
			sourceTree = "<group>";
		};
		4331945F1E0398D80001A01E /* Extensions */ = {
			isa = PBXGroup;
			children = (
				433194601E0398D80001A01E /* BlocksKitExtension.h */,
				433194611E0398D80001A01E /* BlocksKitExtension.m */,
				433194621E0398D80001A01E /* NSArray+ArrayExtensions.h */,
				433194631E0398D80001A01E /* NSArray+ArrayExtensions.m */,
				433194641E0398D80001A01E /* NSBundle+BundleInfo.h */,
				433194651E0398D80001A01E /* NSBundle+BundleInfo.m */,
				433194661E0398D80001A01E /* NSCache+ALExtensions.h */,
				433194671E0398D80001A01E /* NSCache+ALExtensions.m */,
				433194681E0398D80001A01E /* NSDate+ALExtensions.h */,
				433194691E0398D80001A01E /* NSDate+ALExtensions.m */,
				4331946A1E0398D80001A01E /* NSString+Helper.h */,
				4331946B1E0398D80001A01E /* NSString+Helper.m */,
				4331946C1E0398D80001A01E /* URLHelper.h */,
				4331946D1E0398D80001A01E /* URLHelper.m */,
			);
			path = Extensions;
			sourceTree = "<group>";
		};
		4331946E1E0398D80001A01E /* Foundations */ = {
			isa = PBXGroup;
			children = (
				4331946F1E0398D80001A01E /* ALAssociatedWeakObject.h */,
				433194701E0398D80001A01E /* ALAssociatedWeakObject.m */,
				433194711E0398D80001A01E /* ALDevice.h */,
				433194721E0398D80001A01E /* ALDevice.m */,
				433194731E0398D80001A01E /* ALLock.h */,
				433194741E0398D80001A01E /* ALLock.m */,
				433194751E0398D80001A01E /* ALLogger.h */,
				433194761E0398D80001A01E /* ALLogger.m */,
				433194771E0398D80001A01E /* ALOCRuntime.h */,
				433194781E0398D80001A01E /* ALOCRuntime.m */,
				433194791E0398D80001A01E /* ALOrderedMap.h */,
				4331947A1E0398D80001A01E /* ALOrderedMap.m */,
				4331947B1E0398D80001A01E /* ALStringInflector.h */,
				4331947C1E0398D80001A01E /* ALStringInflector.m */,
				4331947D1E0398D80001A01E /* Base64.h */,
				4331947E1E0398D80001A01E /* Base64.m */,
				4331947F1E0398D80001A01E /* CRC.h */,
				433194801E0398D80001A01E /* CRC.m */,
				433194811E0398D80001A01E /* DES.h */,
				433194821E0398D80001A01E /* DES.m */,
				433194831E0398D80001A01E /* HHTimer.h */,
				433194841E0398D80001A01E /* HHTimer.m */,
				433194851E0398D80001A01E /* MD5.h */,
				433194861E0398D80001A01E /* MD5.m */,
				433194871E0398D80001A01E /* NSObject+JSONTransform.h */,
				433194881E0398D80001A01E /* NSObject+JSONTransform.m */,
				433194891E0398D80001A01E /* RC4.h */,
				4331948A1E0398D80001A01E /* RC4.m */,
				4331948B1E0398D80001A01E /* SafeBlocksChain.h */,
				4331948C1E0398D80001A01E /* SafeBlocksChain.m */,
				4331948D1E0398D80001A01E /* SHA1.h */,
				4331948E1E0398D80001A01E /* SHA1.m */,
				4331948F1E0398D80001A01E /* Singleton_Template.h */,
				433194901E0398D80001A01E /* UtilitiesHeader.h */,
			);
			path = Foundations;
			sourceTree = "<group>";
		};
		433194921E0398D80001A01E /* Model */ = {
			isa = PBXGroup;
			children = (
				433194931E0398D80001A01E /* ActiveRecordAdditions.h */,
				433194941E0398D80001A01E /* ALModel+ActiveRecord.h */,
				433194951E0398D80001A01E /* ALModel+ActiveRecord.m */,
				433194961E0398D80001A01E /* ALModel+ActiveRecord_private.h */,
				433194971E0398D80001A01E /* ALModel+ActiveRecord_private.m */,
				433194981E0398D80001A01E /* ALModel+JSON.h */,
				433194991E0398D80001A01E /* ALModel+JSON.m */,
				4331949A1E0398D80001A01E /* ALModel.h */,
				4331949B1E0398D80001A01E /* ALModel_Define.h */,
				4331949C1E0398D80001A01E /* ALModel_Define.m */,
			);
			path = Model;
			sourceTree = "<group>";
		};
		4331949D1E0398D80001A01E /* NetworkAdaptor */ = {
			isa = PBXGroup;
			children = (
				4331949E1E0398D80001A01E /* ALHTTPRequest+Helper.h */,
				4331949F1E0398D80001A01E /* ALHTTPRequest+Helper.m */,
				433194A01E0398D80001A01E /* ALHTTPRequest.h */,
				433194A11E0398D80001A01E /* ALHTTPRequest.m */,
				433194A21E0398D80001A01E /* ALHTTPResponse.h */,
				433194A31E0398D80001A01E /* ALHTTPResponse.m */,
				433194A41E0398D80001A01E /* ALNetwork_config.h */,
				433194A51E0398D80001A01E /* ALURLRequestQueueAdaptorProtocol.h */,
				433194A61E0398D80001A01E /* ASIHTTPRequestQueueAdaptor.h */,
				433194A71E0398D80001A01E /* ASIHTTPRequestQueueAdaptor.m */,
				433194A81E0398D80001A01E /* NSURLSessionAdaptor.h */,
				433194A91E0398D80001A01E /* NSURLSessionAdaptor.m */,
			);
			path = NetworkAdaptor;
			sourceTree = "<group>";
		};
		A9E4285F181FC15189E5FD6B /* Pods */ = {
			isa = PBXGroup;
			children = (
				A162AE812617ACF4074EEE34 /* Pods-patchwork-demo-osx.debug.xcconfig */,
				D14FB0C6AA59D4C698F6F07E /* Pods-patchwork-demo-osx.release.xcconfig */,
			);
			name = Pods;
			sourceTree = "<group>";
		};
		AF5218091DACD7330072FA26 = {
			isa = PBXGroup;
			children = (
				AF5218141DACD7330072FA26 /* patchwork-demo-osx */,
				433194431E0398D80001A01E /* patchwork */,
				AF5218131DACD7330072FA26 /* Products */,
				A9E4285F181FC15189E5FD6B /* Pods */,
				BBEB85E561BA3EBAD69D51F4 /* Frameworks */,
			);
			sourceTree = "<group>";
		};
		AF5218131DACD7330072FA26 /* Products */ = {
			isa = PBXGroup;
			children = (
				AF5218121DACD7330072FA26 /* patchwork-demo-osx.app */,
			);
			name = Products;
			sourceTree = "<group>";
		};
		AF5218141DACD7330072FA26 /* patchwork-demo-osx */ = {
			isa = PBXGroup;
			children = (
				AF5218151DACD7330072FA26 /* AppDelegate.h */,
				AF5218161DACD7330072FA26 /* AppDelegate.m */,
				AF52181B1DACD7330072FA26 /* Assets.xcassets */,
				AF52181D1DACD7330072FA26 /* MainMenu.xib */,
				AF5218201DACD7330072FA26 /* Info.plist */,
				AF5218181DACD7330072FA26 /* Supporting Files */,
			);
			path = "patchwork-demo-osx";
			sourceTree = "<group>";
		};
		AF5218181DACD7330072FA26 /* Supporting Files */ = {
			isa = PBXGroup;
			children = (
				AF5218191DACD7330072FA26 /* main.m */,
			);
			name = "Supporting Files";
			sourceTree = "<group>";
		};
		BBEB85E561BA3EBAD69D51F4 /* Frameworks */ = {
			isa = PBXGroup;
			children = (
				7F7A147BA79957F736D9AE26 /* libPods-patchwork-demo-osx.a */,
			);
			name = Frameworks;
			sourceTree = "<group>";
		};
/* End PBXGroup section */

/* Begin PBXNativeTarget section */
		AF5218111DACD7330072FA26 /* patchwork-demo-osx */ = {
			isa = PBXNativeTarget;
			buildConfigurationList = AF5218231DACD7330072FA26 /* Build configuration list for PBXNativeTarget "patchwork-demo-osx" */;
			buildPhases = (
				CC9BEE78B716E2DF0D2B03F0 /* [CP] Check Pods Manifest.lock */,
				AF52180E1DACD7330072FA26 /* Sources */,
				AF52180F1DACD7330072FA26 /* Frameworks */,
				AF5218101DACD7330072FA26 /* Resources */,
				0B8445574E35329EE7FD511C /* [CP] Embed Pods Frameworks */,
				DCB9773595D18F15CF152EDF /* [CP] Copy Pods Resources */,
			);
			buildRules = (
			);
			dependencies = (
			);
			name = "patchwork-demo-osx";
			productName = "patchwork-demo-osx";
			productReference = AF5218121DACD7330072FA26 /* patchwork-demo-osx.app */;
			productType = "com.apple.product-type.application";
		};
/* End PBXNativeTarget section */

/* Begin PBXProject section */
		AF52180A1DACD7330072FA26 /* Project object */ = {
			isa = PBXProject;
			attributes = {
				LastUpgradeCheck = 0800;
				ORGANIZATIONNAME = me.alexlee002;
				TargetAttributes = {
					AF5218111DACD7330072FA26 = {
						CreatedOnToolsVersion = 8.0;
						DevelopmentTeam = 5C49FL46KW;
						ProvisioningStyle = Automatic;
					};
				};
			};
			buildConfigurationList = AF52180D1DACD7330072FA26 /* Build configuration list for PBXProject "patchwork-demo-osx" */;
			compatibilityVersion = "Xcode 3.2";
			developmentRegion = English;
			hasScannedForEncodings = 0;
			knownRegions = (
				en,
				Base,
			);
			mainGroup = AF5218091DACD7330072FA26;
			productRefGroup = AF5218131DACD7330072FA26 /* Products */;
			projectDirPath = "";
			projectRoot = "";
			targets = (
				AF5218111DACD7330072FA26 /* patchwork-demo-osx */,
			);
		};
/* End PBXProject section */

/* Begin PBXResourcesBuildPhase section */
		AF5218101DACD7330072FA26 /* Resources */ = {
			isa = PBXResourcesBuildPhase;
			buildActionMask = 2147483647;
			files = (
				AF52181C1DACD7330072FA26 /* Assets.xcassets in Resources */,
				AF52181F1DACD7330072FA26 /* MainMenu.xib in Resources */,
				433194CD1E0398D80001A01E /* Info.plist in Resources */,
			);
			runOnlyForDeploymentPostprocessing = 0;
		};
/* End PBXResourcesBuildPhase section */

/* Begin PBXShellScriptBuildPhase section */
		0B8445574E35329EE7FD511C /* [CP] Embed Pods Frameworks */ = {
			isa = PBXShellScriptBuildPhase;
			buildActionMask = 2147483647;
			files = (
			);
			inputPaths = (
			);
			name = "[CP] Embed Pods Frameworks";
			outputPaths = (
			);
			runOnlyForDeploymentPostprocessing = 0;
			shellPath = /bin/sh;
			shellScript = "\"${SRCROOT}/../../Pods/Target Support Files/Pods-patchwork-demo-osx/Pods-patchwork-demo-osx-frameworks.sh\"\n";
			showEnvVarsInLog = 0;
		};
		CC9BEE78B716E2DF0D2B03F0 /* [CP] Check Pods Manifest.lock */ = {
			isa = PBXShellScriptBuildPhase;
			buildActionMask = 2147483647;
			files = (
			);
			inputPaths = (
			);
			name = "[CP] Check Pods Manifest.lock";
			outputPaths = (
			);
			runOnlyForDeploymentPostprocessing = 0;
			shellPath = /bin/sh;
			shellScript = "diff \"${PODS_ROOT}/../Podfile.lock\" \"${PODS_ROOT}/Manifest.lock\" > /dev/null\nif [ $? != 0 ] ; then\n    # print error to STDERR\n    echo \"error: The sandbox is not in sync with the Podfile.lock. Run 'pod install' or update your CocoaPods installation.\" >&2\n    exit 1\nfi\n";
			showEnvVarsInLog = 0;
		};
		DCB9773595D18F15CF152EDF /* [CP] Copy Pods Resources */ = {
			isa = PBXShellScriptBuildPhase;
			buildActionMask = 2147483647;
			files = (
			);
			inputPaths = (
			);
			name = "[CP] Copy Pods Resources";
			outputPaths = (
			);
			runOnlyForDeploymentPostprocessing = 0;
			shellPath = /bin/sh;
			shellScript = "\"${SRCROOT}/../../Pods/Target Support Files/Pods-patchwork-demo-osx/Pods-patchwork-demo-osx-resources.sh\"\n";
			showEnvVarsInLog = 0;
		};
/* End PBXShellScriptBuildPhase section */

/* Begin PBXSourcesBuildPhase section */
		AF52180E1DACD7330072FA26 /* Sources */ = {
			isa = PBXSourcesBuildPhase;
			buildActionMask = 2147483647;
			files = (
				433194C41E0398D80001A01E /* Base64.m in Sources */,
				433194B61E0398D80001A01E /* BlocksKitExtension.m in Sources */,
				433194AD1E0398D80001A01E /* ALFMDatabaseQueue.m in Sources */,
				433194C01E0398D80001A01E /* ALLogger.m in Sources */,
				433194D31E0398D80001A01E /* ALHTTPRequest.m in Sources */,
				433194B71E0398D80001A01E /* NSArray+ArrayExtensions.m in Sources */,
				433194AE1E0398D80001A01E /* ALSQLClause+SQLFunctions.m in Sources */,
				433194C81E0398D80001A01E /* MD5.m in Sources */,
				433194CA1E0398D80001A01E /* RC4.m in Sources */,
				433194B91E0398D80001A01E /* NSCache+ALExtensions.m in Sources */,
				433194BC1E0398D80001A01E /* URLHelper.m in Sources */,
				433194B01E0398D80001A01E /* ALSQLClause.m in Sources */,
				433194AC1E0398D80001A01E /* ALDBColumnInfo.m in Sources */,
				433194CE1E0398D80001A01E /* ALModel+ActiveRecord.m in Sources */,
				AF52181A1DACD7330072FA26 /* main.m in Sources */,
				433194C51E0398D80001A01E /* CRC.m in Sources */,
				433194AF1E0398D80001A01E /* ALSQLClause+SQLOperation.m in Sources */,
				433194B51E0398D80001A01E /* ALSQLUpdateStatement.m in Sources */,
				433194C11E0398D80001A01E /* ALOCRuntime.m in Sources */,
				433194D21E0398D80001A01E /* ALHTTPRequest+Helper.m in Sources */,
				433194BD1E0398D80001A01E /* ALAssociatedWeakObject.m in Sources */,
				433194CC1E0398D80001A01E /* SHA1.m in Sources */,
				433194B31E0398D80001A01E /* ALSQLSelectStatement.m in Sources */,
				433194BA1E0398D80001A01E /* NSDate+ALExtensions.m in Sources */,
				433194D41E0398D80001A01E /* ALHTTPResponse.m in Sources */,
				AF5218171DACD7330072FA26 /* AppDelegate.m in Sources */,
				433194CB1E0398D80001A01E /* SafeBlocksChain.m in Sources */,
				433194C21E0398D80001A01E /* ALOrderedMap.m in Sources */,
				433194AB1E0398D80001A01E /* ALDatabase.m in Sources */,
				433194B81E0398D80001A01E /* NSBundle+BundleInfo.m in Sources */,
				433194D11E0398D80001A01E /* ALModel_Define.m in Sources */,
				433194D01E0398D80001A01E /* ALModel+JSON.m in Sources */,
				433194B41E0398D80001A01E /* ALSQLStatement.m in Sources */,
				433194B21E0398D80001A01E /* ALSQLInsertStatement.m in Sources */,
				433194C61E0398D80001A01E /* DES.m in Sources */,
				433194C71E0398D80001A01E /* HHTimer.m in Sources */,
				433194BB1E0398D80001A01E /* NSString+Helper.m in Sources */,
				433194D51E0398D80001A01E /* ASIHTTPRequestQueueAdaptor.m in Sources */,
				433194C91E0398D80001A01E /* NSObject+JSONTransform.m in Sources */,
				433194C31E0398D80001A01E /* ALStringInflector.m in Sources */,
				433194D61E0398D80001A01E /* NSURLSessionAdaptor.m in Sources */,
				433194BF1E0398D80001A01E /* ALLock.m in Sources */,
				433194CF1E0398D80001A01E /* ALModel+ActiveRecord_private.m in Sources */,
				433194BE1E0398D80001A01E /* ALDevice.m in Sources */,
				433194B11E0398D80001A01E /* ALSQLDeleteStatement.m in Sources */,
			);
			runOnlyForDeploymentPostprocessing = 0;
		};
/* End PBXSourcesBuildPhase section */

/* Begin PBXVariantGroup section */
		AF52181D1DACD7330072FA26 /* MainMenu.xib */ = {
			isa = PBXVariantGroup;
			children = (
				AF52181E1DACD7330072FA26 /* Base */,
			);
			name = MainMenu.xib;
			sourceTree = "<group>";
		};
/* End PBXVariantGroup section */

/* Begin XCBuildConfiguration section */
		AF5218211DACD7330072FA26 /* Debug */ = {
			isa = XCBuildConfiguration;
			buildSettings = {
				ALWAYS_SEARCH_USER_PATHS = NO;
				CLANG_ANALYZER_NONNULL = YES;
				CLANG_CXX_LANGUAGE_STANDARD = "gnu++0x";
				CLANG_CXX_LIBRARY = "libc++";
				CLANG_ENABLE_MODULES = YES;
				CLANG_ENABLE_OBJC_ARC = YES;
				CLANG_WARN_BOOL_CONVERSION = YES;
				CLANG_WARN_CONSTANT_CONVERSION = YES;
				CLANG_WARN_DIRECT_OBJC_ISA_USAGE = YES_ERROR;
				CLANG_WARN_DOCUMENTATION_COMMENTS = YES;
				CLANG_WARN_EMPTY_BODY = YES;
				CLANG_WARN_ENUM_CONVERSION = YES;
				CLANG_WARN_INFINITE_RECURSION = YES;
				CLANG_WARN_INT_CONVERSION = YES;
				CLANG_WARN_OBJC_ROOT_CLASS = YES_ERROR;
				CLANG_WARN_SUSPICIOUS_MOVES = YES;
				CLANG_WARN_UNREACHABLE_CODE = YES;
				CLANG_WARN__DUPLICATE_METHOD_MATCH = YES;
				CODE_SIGN_IDENTITY = "-";
				COPY_PHASE_STRIP = NO;
				DEBUG_INFORMATION_FORMAT = dwarf;
				ENABLE_STRICT_OBJC_MSGSEND = YES;
				ENABLE_TESTABILITY = YES;
				GCC_C_LANGUAGE_STANDARD = gnu99;
				GCC_DYNAMIC_NO_PIC = NO;
				GCC_NO_COMMON_BLOCKS = YES;
				GCC_OPTIMIZATION_LEVEL = 0;
				GCC_PREPROCESSOR_DEFINITIONS = (
					"DEBUG=1",
					"$(inherited)",
				);
				GCC_WARN_64_TO_32_BIT_CONVERSION = YES;
				GCC_WARN_ABOUT_RETURN_TYPE = YES_ERROR;
				GCC_WARN_UNDECLARED_SELECTOR = YES;
				GCC_WARN_UNINITIALIZED_AUTOS = YES_AGGRESSIVE;
				GCC_WARN_UNUSED_FUNCTION = YES;
				GCC_WARN_UNUSED_VARIABLE = YES;
				MACOSX_DEPLOYMENT_TARGET = 10.11;
				MTL_ENABLE_DEBUG_INFO = YES;
				ONLY_ACTIVE_ARCH = YES;
				SDKROOT = macosx;
			};
			name = Debug;
		};
		AF5218221DACD7330072FA26 /* Release */ = {
			isa = XCBuildConfiguration;
			buildSettings = {
				ALWAYS_SEARCH_USER_PATHS = NO;
				CLANG_ANALYZER_NONNULL = YES;
				CLANG_CXX_LANGUAGE_STANDARD = "gnu++0x";
				CLANG_CXX_LIBRARY = "libc++";
				CLANG_ENABLE_MODULES = YES;
				CLANG_ENABLE_OBJC_ARC = YES;
				CLANG_WARN_BOOL_CONVERSION = YES;
				CLANG_WARN_CONSTANT_CONVERSION = YES;
				CLANG_WARN_DIRECT_OBJC_ISA_USAGE = YES_ERROR;
				CLANG_WARN_DOCUMENTATION_COMMENTS = YES;
				CLANG_WARN_EMPTY_BODY = YES;
				CLANG_WARN_ENUM_CONVERSION = YES;
				CLANG_WARN_INFINITE_RECURSION = YES;
				CLANG_WARN_INT_CONVERSION = YES;
				CLANG_WARN_OBJC_ROOT_CLASS = YES_ERROR;
				CLANG_WARN_SUSPICIOUS_MOVES = YES;
				CLANG_WARN_UNREACHABLE_CODE = YES;
				CLANG_WARN__DUPLICATE_METHOD_MATCH = YES;
				CODE_SIGN_IDENTITY = "-";
				COPY_PHASE_STRIP = NO;
				DEBUG_INFORMATION_FORMAT = "dwarf-with-dsym";
				ENABLE_NS_ASSERTIONS = NO;
				ENABLE_STRICT_OBJC_MSGSEND = YES;
				GCC_C_LANGUAGE_STANDARD = gnu99;
				GCC_NO_COMMON_BLOCKS = YES;
				GCC_WARN_64_TO_32_BIT_CONVERSION = YES;
				GCC_WARN_ABOUT_RETURN_TYPE = YES_ERROR;
				GCC_WARN_UNDECLARED_SELECTOR = YES;
				GCC_WARN_UNINITIALIZED_AUTOS = YES_AGGRESSIVE;
				GCC_WARN_UNUSED_FUNCTION = YES;
				GCC_WARN_UNUSED_VARIABLE = YES;
				MACOSX_DEPLOYMENT_TARGET = 10.11;
				MTL_ENABLE_DEBUG_INFO = NO;
				SDKROOT = macosx;
			};
			name = Release;
		};
		AF5218241DACD7330072FA26 /* Debug */ = {
			isa = XCBuildConfiguration;
			baseConfigurationReference = A162AE812617ACF4074EEE34 /* Pods-patchwork-demo-osx.debug.xcconfig */;
			buildSettings = {
				ASSETCATALOG_COMPILER_APPICON_NAME = AppIcon;
				COMBINE_HIDPI_IMAGES = YES;
				DEVELOPMENT_TEAM = 5C49FL46KW;
				INFOPLIST_FILE = "patchwork-demo-osx/Info.plist";
				LD_RUNPATH_SEARCH_PATHS = "$(inherited) @executable_path/../Frameworks";
				PRODUCT_BUNDLE_IDENTIFIER = "me.alexlee002.patchwork-demo-osx";
				PRODUCT_NAME = "$(TARGET_NAME)";
			};
			name = Debug;
		};
		AF5218251DACD7330072FA26 /* Release */ = {
			isa = XCBuildConfiguration;
			baseConfigurationReference = D14FB0C6AA59D4C698F6F07E /* Pods-patchwork-demo-osx.release.xcconfig */;
			buildSettings = {
				ASSETCATALOG_COMPILER_APPICON_NAME = AppIcon;
				COMBINE_HIDPI_IMAGES = YES;
				DEVELOPMENT_TEAM = 5C49FL46KW;
				INFOPLIST_FILE = "patchwork-demo-osx/Info.plist";
				LD_RUNPATH_SEARCH_PATHS = "$(inherited) @executable_path/../Frameworks";
				PRODUCT_BUNDLE_IDENTIFIER = "me.alexlee002.patchwork-demo-osx";
				PRODUCT_NAME = "$(TARGET_NAME)";
			};
			name = Release;
		};
/* End XCBuildConfiguration section */

/* Begin XCConfigurationList section */
		AF52180D1DACD7330072FA26 /* Build configuration list for PBXProject "patchwork-demo-osx" */ = {
			isa = XCConfigurationList;
			buildConfigurations = (
				AF5218211DACD7330072FA26 /* Debug */,
				AF5218221DACD7330072FA26 /* Release */,
			);
			defaultConfigurationIsVisible = 0;
			defaultConfigurationName = Release;
		};
		AF5218231DACD7330072FA26 /* Build configuration list for PBXNativeTarget "patchwork-demo-osx" */ = {
			isa = XCConfigurationList;
			buildConfigurations = (
				AF5218241DACD7330072FA26 /* Debug */,
				AF5218251DACD7330072FA26 /* Release */,
			);
			defaultConfigurationIsVisible = 0;
			defaultConfigurationName = Release;
		};
/* End XCConfigurationList section */
	};
	rootObject = AF52180A1DACD7330072FA26 /* Project object */;
}
